
Microsoft Visual Studio Solution File, Format Version 12.00
# Visual Studio 15
VisualStudioVersion = 15.0.27428.2015
MinimumVisualStudioVersion = 10.0.40219.1
Project("{FAE04EC0-301F-11D3-BF4B-00C04F79EFBC}") = "SayHello", "SayHello\SayHello.csproj", "{BDE9142C-9F26-4461-90E0-9AB0CEEA5A45}"
EndProject
Project("{FAE04EC0-301F-11D3-BF4B-00C04F79EFBC}") = "GetLargestNumber", "GetLargestNumber\GetLargestNumber.csproj", "{4FD135EB-FDBB-4C86-B49C-86AE6DFF67AF}"
EndProject
Project("{FAE04EC0-301F-11D3-BF4B-00C04F79EFBC}") = "EnglishDigit", "EnglishDigit\EnglishDigit.csproj", "{D5798A79-7891-477E-B453-714EAD7BDA36}"
EndProject
Project("{FAE04EC0-301F-11D3-BF4B-00C04F79EFBC}") = "AppearanceCount", "AppearanceCount\AppearanceCount.csproj", "{D030C2E8-4FA2-4A14-85D6-099B8EDD49C1}"
EndProject
Project("{FAE04EC0-301F-11D3-BF4B-00C04F79EFBC}") = "LargerThanNeighbours", "LargerThanNeighbours\LargerThanNeighbours.csproj", "{5DEB0A01-1F2F-4BB1-99A9-459209C3BE8E}"
EndProject
Project("{FAE04EC0-301F-11D3-BF4B-00C04F79EFBC}") = "FirstLargerThanNeighbours", "FirstLargerThanNeighbours\FirstLargerThanNeighbours.csproj", "{98DAE8EF-2C80-4583-8EEC-089CD269CF48}"
EndProject
Project("{FAE04EC0-301F-11D3-BF4B-00C04F79EFBC}") = "ReverseNumber", "ReverseNumber\ReverseNumber.csproj", "{462C0539-75EA-4DC3-BC78-995635CD1818}"
EndProject
Project("{FAE04EC0-301F-11D3-BF4B-00C04F79EFBC}") = "NumberAsArray", "NumberAsArray\NumberAsArray.csproj", "{2D61E163-5820-4028-81FE-7CF94ECF4EB3}"
EndProject
Project("{FAE04EC0-301F-11D3-BF4B-00C04F79EFBC}") = "SortingArray", "SortingArray\SortingArray.csproj", "{50F72507-F360-45AB-B9D0-9A49CB2F822A}"
EndProject
Project("{FAE04EC0-301F-11D3-BF4B-00C04F79EFBC}") = "NFactorial", "NFactorial\NFactorial.csproj", "{CB5808B9-D0C0-405E-A1FD-BEBAC93BA21F}"
EndProject
Project("{FAE04EC0-301F-11D3-BF4B-00C04F79EFBC}") = "AddingPolynomials", "AddingPolynomials\AddingPolynomials.csproj", "{CE0F9A76-8E53-4772-BE59-C5FD00EF5472}"
EndProject
Project("{FAE04EC0-301F-11D3-BF4B-00C04F79EFBC}") = "SolveTasks", "SolveTasks\SolveTasks.csproj", "{2D443C5F-5FA9-4D31-85AC-12E8707B76E2}"
EndProject
Project("{FAE04EC0-301F-11D3-BF4B-00C04F79EFBC}") = "IntegerCalculations", "IntegerCalculations\IntegerCalculations.csproj", "{FCDED8A3-EF04-4C98-9AAE-263D60B89D1C}"
EndProject
Project("{FAE04EC0-301F-11D3-BF4B-00C04F79EFBC}") = "NumberCalculations", "NumberCalculations\NumberCalculations.csproj", "{C0D89FD7-E31C-49C2-82E1-D195B6205A7B}"
EndProject
Project("{FAE04EC0-301F-11D3-BF4B-00C04F79EFBC}") = "2.Matrix", "2.Matrix\2.Matrix.csproj", "{EC053424-A1EA-49D5-993A-B099E03526EC}"
EndProject
Project("{FAE04EC0-301F-11D3-BF4B-00C04F79EFBC}") = "FromBookMonths", "FromBookMonths\FromBookMonths.csproj", "{8E8F52E5-69CF-43D2-9A45-B08498D56538}"
EndProject
Project("{FAE04EC0-301F-11D3-BF4B-00C04F79EFBC}") = "FromBookPrintingTriangle", "FromBookPrintingTriangle\FromBookPrintingTriangle.csproj", "{65DDB5ED-8FF4-44A3-AF86-8B23171F61BC}"
EndProject
Project("{FAE04EC0-301F-11D3-BF4B-00C04F79EFBC}") = "FromBookTemperatureConversion", "FromBookTemperatureConversion\FromBookTemperatureConversion.csproj", "{86B206A9-9611-412C-8356-4965DAC188AE}"
EndProject
Project("{FAE04EC0-301F-11D3-BF4B-00C04F79EFBC}") = "FromBookSortingNumbers", "FromBookSortingNumbers\FromBookSortingNumbers.csproj", "{ECF1CBE8-D5E3-4306-ADB5-CD99DFF37494}"
EndProject
Project("{FAE04EC0-301F-11D3-BF4B-00C04F79EFBC}") = "FromBookDataValidation", "FromBookDataValidation\FromBookDataValidation.csproj", "{96F1E04D-51F4-4004-BB03-165B2485D318}"
EndProject
Project("{FAE04EC0-301F-11D3-BF4B-00C04F79EFBC}") = "1.Print", "1.Print\1.Print.csproj", "{6E78B9E2-2011-4C5F-A7FD-9A915C461C9A}"
EndProject
Global
	GlobalSection(SolutionConfigurationPlatforms) = preSolution
		Debug|Any CPU = Debug|Any CPU
		Release|Any CPU = Release|Any CPU
	EndGlobalSection
	GlobalSection(ProjectConfigurationPlatforms) = postSolution
		{BDE9142C-9F26-4461-90E0-9AB0CEEA5A45}.Debug|Any CPU.ActiveCfg = Debug|Any CPU
		{BDE9142C-9F26-4461-90E0-9AB0CEEA5A45}.Debug|Any CPU.Build.0 = Debug|Any CPU
		{BDE9142C-9F26-4461-90E0-9AB0CEEA5A45}.Release|Any CPU.ActiveCfg = Release|Any CPU
		{BDE9142C-9F26-4461-90E0-9AB0CEEA5A45}.Release|Any CPU.Build.0 = Release|Any CPU
		{4FD135EB-FDBB-4C86-B49C-86AE6DFF67AF}.Debug|Any CPU.ActiveCfg = Debug|Any CPU
		{4FD135EB-FDBB-4C86-B49C-86AE6DFF67AF}.Debug|Any CPU.Build.0 = Debug|Any CPU
		{4FD135EB-FDBB-4C86-B49C-86AE6DFF67AF}.Release|Any CPU.ActiveCfg = Release|Any CPU
		{4FD135EB-FDBB-4C86-B49C-86AE6DFF67AF}.Release|Any CPU.Build.0 = Release|Any CPU
		{D5798A79-7891-477E-B453-714EAD7BDA36}.Debug|Any CPU.ActiveCfg = Debug|Any CPU
		{D5798A79-7891-477E-B453-714EAD7BDA36}.Debug|Any CPU.Build.0 = Debug|Any CPU
		{D5798A79-7891-477E-B453-714EAD7BDA36}.Release|Any CPU.ActiveCfg = Release|Any CPU
		{D5798A79-7891-477E-B453-714EAD7BDA36}.Release|Any CPU.Build.0 = Release|Any CPU
		{D030C2E8-4FA2-4A14-85D6-099B8EDD49C1}.Debug|Any CPU.ActiveCfg = Debug|Any CPU
		{D030C2E8-4FA2-4A14-85D6-099B8EDD49C1}.Debug|Any CPU.Build.0 = Debug|Any CPU
		{D030C2E8-4FA2-4A14-85D6-099B8EDD49C1}.Release|Any CPU.ActiveCfg = Release|Any CPU
		{D030C2E8-4FA2-4A14-85D6-099B8EDD49C1}.Release|Any CPU.Build.0 = Release|Any CPU
		{5DEB0A01-1F2F-4BB1-99A9-459209C3BE8E}.Debug|Any CPU.ActiveCfg = Debug|Any CPU
		{5DEB0A01-1F2F-4BB1-99A9-459209C3BE8E}.Debug|Any CPU.Build.0 = Debug|Any CPU
		{5DEB0A01-1F2F-4BB1-99A9-459209C3BE8E}.Release|Any CPU.ActiveCfg = Release|Any CPU
		{5DEB0A01-1F2F-4BB1-99A9-459209C3BE8E}.Release|Any CPU.Build.0 = Release|Any CPU
		{98DAE8EF-2C80-4583-8EEC-089CD269CF48}.Debug|Any CPU.ActiveCfg = Debug|Any CPU
		{98DAE8EF-2C80-4583-8EEC-089CD269CF48}.Debug|Any CPU.Build.0 = Debug|Any CPU
		{98DAE8EF-2C80-4583-8EEC-089CD269CF48}.Release|Any CPU.ActiveCfg = Release|Any CPU
		{98DAE8EF-2C80-4583-8EEC-089CD269CF48}.Release|Any CPU.Build.0 = Release|Any CPU
		{462C0539-75EA-4DC3-BC78-995635CD1818}.Debug|Any CPU.ActiveCfg = Debug|Any CPU
		{462C0539-75EA-4DC3-BC78-995635CD1818}.Debug|Any CPU.Build.0 = Debug|Any CPU
		{462C0539-75EA-4DC3-BC78-995635CD1818}.Release|Any CPU.ActiveCfg = Release|Any CPU
		{462C0539-75EA-4DC3-BC78-995635CD1818}.Release|Any CPU.Build.0 = Release|Any CPU
		{2D61E163-5820-4028-81FE-7CF94ECF4EB3}.Debug|Any CPU.ActiveCfg = Debug|Any CPU
		{2D61E163-5820-4028-81FE-7CF94ECF4EB3}.Debug|Any CPU.Build.0 = Debug|Any CPU
		{2D61E163-5820-4028-81FE-7CF94ECF4EB3}.Release|Any CPU.ActiveCfg = Release|Any CPU
		{2D61E163-5820-4028-81FE-7CF94ECF4EB3}.Release|Any CPU.Build.0 = Release|Any CPU
		{50F72507-F360-45AB-B9D0-9A49CB2F822A}.Debug|Any CPU.ActiveCfg = Debug|Any CPU
		{50F72507-F360-45AB-B9D0-9A49CB2F822A}.Debug|Any CPU.Build.0 = Debug|Any CPU
		{50F72507-F360-45AB-B9D0-9A49CB2F822A}.Release|Any CPU.ActiveCfg = Release|Any CPU
		{50F72507-F360-45AB-B9D0-9A49CB2F822A}.Release|Any CPU.Build.0 = Release|Any CPU
		{CB5808B9-D0C0-405E-A1FD-BEBAC93BA21F}.Debug|Any CPU.ActiveCfg = Debug|Any CPU
		{CB5808B9-D0C0-405E-A1FD-BEBAC93BA21F}.Debug|Any CPU.Build.0 = Debug|Any CPU
		{CB5808B9-D0C0-405E-A1FD-BEBAC93BA21F}.Release|Any CPU.ActiveCfg = Release|Any CPU
		{CB5808B9-D0C0-405E-A1FD-BEBAC93BA21F}.Release|Any CPU.Build.0 = Release|Any CPU
		{CE0F9A76-8E53-4772-BE59-C5FD00EF5472}.Debug|Any CPU.ActiveCfg = Debug|Any CPU
		{CE0F9A76-8E53-4772-BE59-C5FD00EF5472}.Debug|Any CPU.Build.0 = Debug|Any CPU
		{CE0F9A76-8E53-4772-BE59-C5FD00EF5472}.Release|Any CPU.ActiveCfg = Release|Any CPU
		{CE0F9A76-8E53-4772-BE59-C5FD00EF5472}.Release|Any CPU.Build.0 = Release|Any CPU
		{2D443C5F-5FA9-4D31-85AC-12E8707B76E2}.Debug|Any CPU.ActiveCfg = Debug|Any CPU
		{2D443C5F-5FA9-4D31-85AC-12E8707B76E2}.Debug|Any CPU.Build.0 = Debug|Any CPU
		{2D443C5F-5FA9-4D31-85AC-12E8707B76E2}.Release|Any CPU.ActiveCfg = Release|Any CPU
		{2D443C5F-5FA9-4D31-85AC-12E8707B76E2}.Release|Any CPU.Build.0 = Release|Any CPU
		{FCDED8A3-EF04-4C98-9AAE-263D60B89D1C}.Debug|Any CPU.ActiveCfg = Debug|Any CPU
		{FCDED8A3-EF04-4C98-9AAE-263D60B89D1C}.Debug|Any CPU.Build.0 = Debug|Any CPU
		{FCDED8A3-EF04-4C98-9AAE-263D60B89D1C}.Release|Any CPU.ActiveCfg = Release|Any CPU
		{FCDED8A3-EF04-4C98-9AAE-263D60B89D1C}.Release|Any CPU.Build.0 = Release|Any CPU
		{C0D89FD7-E31C-49C2-82E1-D195B6205A7B}.Debug|Any CPU.ActiveCfg = Debug|Any CPU
		{C0D89FD7-E31C-49C2-82E1-D195B6205A7B}.Debug|Any CPU.Build.0 = Debug|Any CPU
		{C0D89FD7-E31C-49C2-82E1-D195B6205A7B}.Release|Any CPU.ActiveCfg = Release|Any CPU
		{C0D89FD7-E31C-49C2-82E1-D195B6205A7B}.Release|Any CPU.Build.0 = Release|Any CPU
		{EC053424-A1EA-49D5-993A-B099E03526EC}.Debug|Any CPU.ActiveCfg = Debug|Any CPU
		{EC053424-A1EA-49D5-993A-B099E03526EC}.Debug|Any CPU.Build.0 = Debug|Any CPU
		{EC053424-A1EA-49D5-993A-B099E03526EC}.Release|Any CPU.ActiveCfg = Release|Any CPU
		{EC053424-A1EA-49D5-993A-B099E03526EC}.Release|Any CPU.Build.0 = Release|Any CPU
		{8E8F52E5-69CF-43D2-9A45-B08498D56538}.Debug|Any CPU.ActiveCfg = Debug|Any CPU
		{8E8F52E5-69CF-43D2-9A45-B08498D56538}.Debug|Any CPU.Build.0 = Debug|Any CPU
		{8E8F52E5-69CF-43D2-9A45-B08498D56538}.Release|Any CPU.ActiveCfg = Release|Any CPU
		{8E8F52E5-69CF-43D2-9A45-B08498D56538}.Release|Any CPU.Build.0 = Release|Any CPU
		{65DDB5ED-8FF4-44A3-AF86-8B23171F61BC}.Debug|Any CPU.ActiveCfg = Debug|Any CPU
		{65DDB5ED-8FF4-44A3-AF86-8B23171F61BC}.Debug|Any CPU.Build.0 = Debug|Any CPU
		{65DDB5ED-8FF4-44A3-AF86-8B23171F61BC}.Release|Any CPU.ActiveCfg = Release|Any CPU
		{65DDB5ED-8FF4-44A3-AF86-8B23171F61BC}.Release|Any CPU.Build.0 = Release|Any CPU
		{86B206A9-9611-412C-8356-4965DAC188AE}.Debug|Any CPU.ActiveCfg = Debug|Any CPU
		{86B206A9-9611-412C-8356-4965DAC188AE}.Debug|Any CPU.Build.0 = Debug|Any CPU
		{86B206A9-9611-412C-8356-4965DAC188AE}.Release|Any CPU.ActiveCfg = Release|Any CPU
		{86B206A9-9611-412C-8356-4965DAC188AE}.Release|Any CPU.Build.0 = Release|Any CPU
		{ECF1CBE8-D5E3-4306-ADB5-CD99DFF37494}.Debug|Any CPU.ActiveCfg = Debug|Any CPU
		{ECF1CBE8-D5E3-4306-ADB5-CD99DFF37494}.Debug|Any CPU.Build.0 = Debug|Any CPU
		{ECF1CBE8-D5E3-4306-ADB5-CD99DFF37494}.Release|Any CPU.ActiveCfg = Release|Any CPU
		{ECF1CBE8-D5E3-4306-ADB5-CD99DFF37494}.Release|Any CPU.Build.0 = Release|Any CPU
		{96F1E04D-51F4-4004-BB03-165B2485D318}.Debug|Any CPU.ActiveCfg = Debug|Any CPU
		{96F1E04D-51F4-4004-BB03-165B2485D318}.Debug|Any CPU.Build.0 = Debug|Any CPU
		{96F1E04D-51F4-4004-BB03-165B2485D318}.Release|Any CPU.ActiveCfg = Release|Any CPU
		{96F1E04D-51F4-4004-BB03-165B2485D318}.Release|Any CPU.Build.0 = Release|Any CPU
		{6E78B9E2-2011-4C5F-A7FD-9A915C461C9A}.Debug|Any CPU.ActiveCfg = Debug|Any CPU
		{6E78B9E2-2011-4C5F-A7FD-9A915C461C9A}.Debug|Any CPU.Build.0 = Debug|Any CPU
		{6E78B9E2-2011-4C5F-A7FD-9A915C461C9A}.Release|Any CPU.ActiveCfg = Release|Any CPU
		{6E78B9E2-2011-4C5F-A7FD-9A915C461C9A}.Release|Any CPU.Build.0 = Release|Any CPU
	EndGlobalSection
	GlobalSection(SolutionProperties) = preSolution
		HideSolutionNode = FALSE
	EndGlobalSection
	GlobalSection(ExtensibilityGlobals) = postSolution
		SolutionGuid = {8B3A952B-3A81-489C-B94C-AC778CAA1922}
	EndGlobalSection
EndGlobal
