
Microsoft Visual Studio Solution File, Format Version 12.00
# Visual Studio 15
VisualStudioVersion = 15.0.27004.2009
MinimumVisualStudioVersion = 10.0.40219.1
Project("{FAE04EC0-301F-11D3-BF4B-00C04F79EFBC}") = "NumbersOneToN", "NumbersOneToN\NumbersOneToN.csproj", "{4EBD6E2F-9E00-4723-8456-602085F02094}"
EndProject
Project("{FAE04EC0-301F-11D3-BF4B-00C04F79EFBC}") = "MinMaxSumAve", "MinMaxSumAve\MinMaxSumAve.csproj", "{1B1F0864-BA1F-4947-AD15-26AD8D3D932A}"
EndProject
Project("{FAE04EC0-301F-11D3-BF4B-00C04F79EFBC}") = "PrintADeck", "PrintADeck\PrintADeck.csproj", "{C432016A-C636-4F2F-9E68-0F67652ABFDF}"
EndProject
Project("{FAE04EC0-301F-11D3-BF4B-00C04F79EFBC}") = "Calculate!", "Calculate!\Calculate!.csproj", "{F8D73A56-3781-4091-AE25-7068457CB157}"
EndProject
Project("{FAE04EC0-301F-11D3-BF4B-00C04F79EFBC}") = "CalculateAgain!", "CalculateAgain!\CalculateAgain!.csproj", "{E93CCF9F-87D4-4D90-ABD9-BCB0AB5D76F8}"
EndProject
Project("{FAE04EC0-301F-11D3-BF4B-00C04F79EFBC}") = "Calculate3!", "Calculate3!\Calculate3!.csproj", "{EAEB9098-8397-45FD-BCED-FF09C9619B81}"
EndProject
Project("{FAE04EC0-301F-11D3-BF4B-00C04F79EFBC}") = "Catalan", "Catalan\Catalan.csproj", "{E753C7D8-7FED-4A9E-8255-CC631D781403}"
EndProject
Project("{FAE04EC0-301F-11D3-BF4B-00C04F79EFBC}") = "MatrixOfNumbers", "MatrixOfNumbers\MatrixOfNumbers.csproj", "{426A969A-7FC8-4AE2-84D5-8C4FAADCCA61}"
EndProject
Project("{FAE04EC0-301F-11D3-BF4B-00C04F79EFBC}") = "OddEvenProduct", "OddEvenProduct\OddEvenProduct.csproj", "{E9457311-5536-4344-8FAF-9A4F7E14DA88}"
EndProject
Project("{FAE04EC0-301F-11D3-BF4B-00C04F79EFBC}") = "BintoDec", "BintoDec\BintoDec.csproj", "{68DF825C-F227-49FB-A4AF-1F66F9F233FF}"
EndProject
Project("{FAE04EC0-301F-11D3-BF4B-00C04F79EFBC}") = "DecToBin", "DecToBin\DecToBin.csproj", "{A6FBA49B-DAC3-424B-91BE-80E62451CABC}"
EndProject
Project("{FAE04EC0-301F-11D3-BF4B-00C04F79EFBC}") = "DecToHex", "DecToHex\DecToHex.csproj", "{1952006F-5B37-4C78-AA9F-F0FE94DA6094}"
EndProject
Project("{FAE04EC0-301F-11D3-BF4B-00C04F79EFBC}") = "HexToDec", "HexToDec\HexToDec.csproj", "{720E7270-6177-42A3-A8CD-10D0747DC1F0}"
EndProject
Project("{FAE04EC0-301F-11D3-BF4B-00C04F79EFBC}") = "GCD", "GCD\GCD.csproj", "{2EB1C29D-07F2-4088-9993-B25F8A0993E7}"
EndProject
Project("{FAE04EC0-301F-11D3-BF4B-00C04F79EFBC}") = "TrailingZeroes", "TrailingZeroes\TrailingZeroes.csproj", "{A69C4FB2-D395-4B0B-90CD-8BF09C42F69E}"
EndProject
Project("{FAE04EC0-301F-11D3-BF4B-00C04F79EFBC}") = "SpiralMatrix", "SpiralMatrix\SpiralMatrix.csproj", "{99588A08-ED28-4581-948B-DF57FA09DF11}"
EndProject
Project("{FAE04EC0-301F-11D3-BF4B-00C04F79EFBC}") = "NotDivisableNumbers", "NotDivisableNumbers\NotDivisableNumbers.csproj", "{F26752B3-0D29-4BA5-A1E5-34E78ECC4CF5}"
EndProject
Project("{FAE04EC0-301F-11D3-BF4B-00C04F79EFBC}") = "1.Toto", "1.Toto\1.Toto.csproj", "{9DD7508D-D5F3-408E-A9BB-D142CC03D2FC}"
EndProject
Project("{FAE04EC0-301F-11D3-BF4B-00C04F79EFBC}") = "2.NumbersTriangle", "2.NumbersTriangle\2.NumbersTriangle.csproj", "{EB374FCA-02A8-4E76-B448-E30C4C9254D0}"
EndProject
Project("{FAE04EC0-301F-11D3-BF4B-00C04F79EFBC}") = "3.GoodNumbers", "3.GoodNumbers\3.GoodNumbers.csproj", "{1B43BBF7-04FB-4437-BC6D-4ACD7B34ECBF}"
EndProject
Project("{FAE04EC0-301F-11D3-BF4B-00C04F79EFBC}") = "4.GameWithNumbers", "4.GameWithNumbers\4.GameWithNumbers.csproj", "{2CA125EF-C47B-4558-8AA0-0B0CEC9EB31E}"
EndProject
Project("{FAE04EC0-301F-11D3-BF4B-00C04F79EFBC}") = "5.Change", "5.Change\5.Change.csproj", "{67FB48B9-F09D-4D9C-AAF7-B2D38BAA33FA}"
EndProject
Project("{FAE04EC0-301F-11D3-BF4B-00C04F79EFBC}") = "6.DecorationOfPier", "6.DecorationOfPier\6.DecorationOfPier.csproj", "{D2FE89BE-617E-441D-A681-BCFC899DE817}"
EndProject
Project("{FAE04EC0-301F-11D3-BF4B-00C04F79EFBC}") = "6.Hotels", "6.Hotels\6.Hotels.csproj", "{35959607-756D-4187-A5D7-5636AD133648}"
EndProject
Project("{FAE04EC0-301F-11D3-BF4B-00C04F79EFBC}") = "7.Windows", "7.Windows\7.Windows.csproj", "{BC917AAF-660B-4E93-B80C-DD134B070B04}"
EndProject
Project("{FAE04EC0-301F-11D3-BF4B-00C04F79EFBC}") = "8.Dividers", "8.Dividers\8.Dividers.csproj", "{24678531-7A59-46CB-8360-A8D79906E15E}"
EndProject
Project("{FAE04EC0-301F-11D3-BF4B-00C04F79EFBC}") = "9.Grades", "9.Grades\9.Grades.csproj", "{64E98969-6D67-4BC6-80D8-AC5663DC3382}"
EndProject
Project("{FAE04EC0-301F-11D3-BF4B-00C04F79EFBC}") = "10.SimilarArrays", "10.SimilarArrays\10.SimilarArrays.csproj", "{56E38633-0F58-4331-BD2B-5E4F15116A5E}"
EndProject
Project("{FAE04EC0-301F-11D3-BF4B-00C04F79EFBC}") = "11.BigNumbers", "11.BigNumbers\11.BigNumbers.csproj", "{C2A3AB46-7560-4141-8B12-11071AD1ABFC}"
EndProject
Project("{FAE04EC0-301F-11D3-BF4B-00C04F79EFBC}") = "12.Homework", "12.Homework\12.Homework.csproj", "{D5A89FD8-F673-45EA-A888-7CF49056B6E5}"
EndProject
Project("{FAE04EC0-301F-11D3-BF4B-00C04F79EFBC}") = "13.Crossword", "13.Crossword\13.Crossword.csproj", "{66F973F0-356E-4BBB-A54D-B7E5F5EA1460}"
EndProject
Project("{FAE04EC0-301F-11D3-BF4B-00C04F79EFBC}") = "14.SecretMessage", "14.SecretMessage\14.SecretMessage.csproj", "{4D824EED-9C6C-4659-A3F6-4A36DBF0D046}"
EndProject
Project("{FAE04EC0-301F-11D3-BF4B-00C04F79EFBC}") = "15.Flasks", "15.Flasks\15.Flasks.csproj", "{46FE1A2A-8DB1-4371-A360-5F4DC9B181A1}"
EndProject
Project("{FAE04EC0-301F-11D3-BF4B-00C04F79EFBC}") = "16. Mutation", "16. Mutation\16. Mutation.csproj", "{DF53354F-8AAB-46FF-B37D-9BBFF392D404}"
EndProject
Project("{FAE04EC0-301F-11D3-BF4B-00C04F79EFBC}") = "17.CodedSMS", "17.CodedSMS\17.CodedSMS.csproj", "{7D35AC43-04C3-4D9F-AAF6-4292B79062F4}"
EndProject
Project("{FAE04EC0-301F-11D3-BF4B-00C04F79EFBC}") = "18.Prize", "18.Prize\18.Prize.csproj", "{3C5D7B1A-13DA-41F4-ABCF-DA1A7DC20594}"
EndProject
Project("{FAE04EC0-301F-11D3-BF4B-00C04F79EFBC}") = "19.LuckyNumber", "19.LuckyNumber\19.LuckyNumber.csproj", "{9C63DFD8-880D-4B72-A87F-074A524417AF}"
EndProject
Project("{FAE04EC0-301F-11D3-BF4B-00C04F79EFBC}") = "20.Rounds", "20.Rounds\20.Rounds.csproj", "{1A0988FD-CF77-429B-93C0-F724A9F270FA}"
EndProject
Project("{FAE04EC0-301F-11D3-BF4B-00C04F79EFBC}") = "21.IrreducableFraction", "21.IrreducableFraction\21.IrreducableFraction.csproj", "{0415786F-2A7C-442D-A523-4781E8C9C838}"
EndProject
Project("{FAE04EC0-301F-11D3-BF4B-00C04F79EFBC}") = "22.Digits", "22.Digits\22.Digits.csproj", "{9EC50FA5-68B0-418A-91CF-10D4DB15A41F}"
EndProject
Project("{FAE04EC0-301F-11D3-BF4B-00C04F79EFBC}") = "23.EvenNumbers", "23.EvenNumbers\23.EvenNumbers.csproj", "{DC5D320D-1DC7-4C03-A66B-18E961C4E091}"
EndProject
Project("{FAE04EC0-301F-11D3-BF4B-00C04F79EFBC}") = "24.Numbers", "24.Numbers\24.Numbers.csproj", "{60BD9261-BCCD-4442-BB38-35BB399EF604}"
EndProject
Global
	GlobalSection(SolutionConfigurationPlatforms) = preSolution
		Debug|Any CPU = Debug|Any CPU
		Release|Any CPU = Release|Any CPU
	EndGlobalSection
	GlobalSection(ProjectConfigurationPlatforms) = postSolution
		{4EBD6E2F-9E00-4723-8456-602085F02094}.Debug|Any CPU.ActiveCfg = Debug|Any CPU
		{4EBD6E2F-9E00-4723-8456-602085F02094}.Debug|Any CPU.Build.0 = Debug|Any CPU
		{4EBD6E2F-9E00-4723-8456-602085F02094}.Release|Any CPU.ActiveCfg = Release|Any CPU
		{4EBD6E2F-9E00-4723-8456-602085F02094}.Release|Any CPU.Build.0 = Release|Any CPU
		{1B1F0864-BA1F-4947-AD15-26AD8D3D932A}.Debug|Any CPU.ActiveCfg = Debug|Any CPU
		{1B1F0864-BA1F-4947-AD15-26AD8D3D932A}.Debug|Any CPU.Build.0 = Debug|Any CPU
		{1B1F0864-BA1F-4947-AD15-26AD8D3D932A}.Release|Any CPU.ActiveCfg = Release|Any CPU
		{1B1F0864-BA1F-4947-AD15-26AD8D3D932A}.Release|Any CPU.Build.0 = Release|Any CPU
		{C432016A-C636-4F2F-9E68-0F67652ABFDF}.Debug|Any CPU.ActiveCfg = Debug|Any CPU
		{C432016A-C636-4F2F-9E68-0F67652ABFDF}.Debug|Any CPU.Build.0 = Debug|Any CPU
		{C432016A-C636-4F2F-9E68-0F67652ABFDF}.Release|Any CPU.ActiveCfg = Release|Any CPU
		{C432016A-C636-4F2F-9E68-0F67652ABFDF}.Release|Any CPU.Build.0 = Release|Any CPU
		{F8D73A56-3781-4091-AE25-7068457CB157}.Debug|Any CPU.ActiveCfg = Debug|Any CPU
		{F8D73A56-3781-4091-AE25-7068457CB157}.Debug|Any CPU.Build.0 = Debug|Any CPU
		{F8D73A56-3781-4091-AE25-7068457CB157}.Release|Any CPU.ActiveCfg = Release|Any CPU
		{F8D73A56-3781-4091-AE25-7068457CB157}.Release|Any CPU.Build.0 = Release|Any CPU
		{E93CCF9F-87D4-4D90-ABD9-BCB0AB5D76F8}.Debug|Any CPU.ActiveCfg = Debug|Any CPU
		{E93CCF9F-87D4-4D90-ABD9-BCB0AB5D76F8}.Debug|Any CPU.Build.0 = Debug|Any CPU
		{E93CCF9F-87D4-4D90-ABD9-BCB0AB5D76F8}.Release|Any CPU.ActiveCfg = Release|Any CPU
		{E93CCF9F-87D4-4D90-ABD9-BCB0AB5D76F8}.Release|Any CPU.Build.0 = Release|Any CPU
		{EAEB9098-8397-45FD-BCED-FF09C9619B81}.Debug|Any CPU.ActiveCfg = Debug|Any CPU
		{EAEB9098-8397-45FD-BCED-FF09C9619B81}.Debug|Any CPU.Build.0 = Debug|Any CPU
		{EAEB9098-8397-45FD-BCED-FF09C9619B81}.Release|Any CPU.ActiveCfg = Release|Any CPU
		{EAEB9098-8397-45FD-BCED-FF09C9619B81}.Release|Any CPU.Build.0 = Release|Any CPU
		{E753C7D8-7FED-4A9E-8255-CC631D781403}.Debug|Any CPU.ActiveCfg = Debug|Any CPU
		{E753C7D8-7FED-4A9E-8255-CC631D781403}.Debug|Any CPU.Build.0 = Debug|Any CPU
		{E753C7D8-7FED-4A9E-8255-CC631D781403}.Release|Any CPU.ActiveCfg = Release|Any CPU
		{E753C7D8-7FED-4A9E-8255-CC631D781403}.Release|Any CPU.Build.0 = Release|Any CPU
		{426A969A-7FC8-4AE2-84D5-8C4FAADCCA61}.Debug|Any CPU.ActiveCfg = Debug|Any CPU
		{426A969A-7FC8-4AE2-84D5-8C4FAADCCA61}.Debug|Any CPU.Build.0 = Debug|Any CPU
		{426A969A-7FC8-4AE2-84D5-8C4FAADCCA61}.Release|Any CPU.ActiveCfg = Release|Any CPU
		{426A969A-7FC8-4AE2-84D5-8C4FAADCCA61}.Release|Any CPU.Build.0 = Release|Any CPU
		{E9457311-5536-4344-8FAF-9A4F7E14DA88}.Debug|Any CPU.ActiveCfg = Debug|Any CPU
		{E9457311-5536-4344-8FAF-9A4F7E14DA88}.Debug|Any CPU.Build.0 = Debug|Any CPU
		{E9457311-5536-4344-8FAF-9A4F7E14DA88}.Release|Any CPU.ActiveCfg = Release|Any CPU
		{E9457311-5536-4344-8FAF-9A4F7E14DA88}.Release|Any CPU.Build.0 = Release|Any CPU
		{68DF825C-F227-49FB-A4AF-1F66F9F233FF}.Debug|Any CPU.ActiveCfg = Debug|Any CPU
		{68DF825C-F227-49FB-A4AF-1F66F9F233FF}.Debug|Any CPU.Build.0 = Debug|Any CPU
		{68DF825C-F227-49FB-A4AF-1F66F9F233FF}.Release|Any CPU.ActiveCfg = Release|Any CPU
		{68DF825C-F227-49FB-A4AF-1F66F9F233FF}.Release|Any CPU.Build.0 = Release|Any CPU
		{A6FBA49B-DAC3-424B-91BE-80E62451CABC}.Debug|Any CPU.ActiveCfg = Debug|Any CPU
		{A6FBA49B-DAC3-424B-91BE-80E62451CABC}.Debug|Any CPU.Build.0 = Debug|Any CPU
		{A6FBA49B-DAC3-424B-91BE-80E62451CABC}.Release|Any CPU.ActiveCfg = Release|Any CPU
		{A6FBA49B-DAC3-424B-91BE-80E62451CABC}.Release|Any CPU.Build.0 = Release|Any CPU
		{1952006F-5B37-4C78-AA9F-F0FE94DA6094}.Debug|Any CPU.ActiveCfg = Debug|Any CPU
		{1952006F-5B37-4C78-AA9F-F0FE94DA6094}.Debug|Any CPU.Build.0 = Debug|Any CPU
		{1952006F-5B37-4C78-AA9F-F0FE94DA6094}.Release|Any CPU.ActiveCfg = Release|Any CPU
		{1952006F-5B37-4C78-AA9F-F0FE94DA6094}.Release|Any CPU.Build.0 = Release|Any CPU
		{720E7270-6177-42A3-A8CD-10D0747DC1F0}.Debug|Any CPU.ActiveCfg = Debug|Any CPU
		{720E7270-6177-42A3-A8CD-10D0747DC1F0}.Debug|Any CPU.Build.0 = Debug|Any CPU
		{720E7270-6177-42A3-A8CD-10D0747DC1F0}.Release|Any CPU.ActiveCfg = Release|Any CPU
		{720E7270-6177-42A3-A8CD-10D0747DC1F0}.Release|Any CPU.Build.0 = Release|Any CPU
		{2EB1C29D-07F2-4088-9993-B25F8A0993E7}.Debug|Any CPU.ActiveCfg = Debug|Any CPU
		{2EB1C29D-07F2-4088-9993-B25F8A0993E7}.Debug|Any CPU.Build.0 = Debug|Any CPU
		{2EB1C29D-07F2-4088-9993-B25F8A0993E7}.Release|Any CPU.ActiveCfg = Release|Any CPU
		{2EB1C29D-07F2-4088-9993-B25F8A0993E7}.Release|Any CPU.Build.0 = Release|Any CPU
		{A69C4FB2-D395-4B0B-90CD-8BF09C42F69E}.Debug|Any CPU.ActiveCfg = Debug|Any CPU
		{A69C4FB2-D395-4B0B-90CD-8BF09C42F69E}.Debug|Any CPU.Build.0 = Debug|Any CPU
		{A69C4FB2-D395-4B0B-90CD-8BF09C42F69E}.Release|Any CPU.ActiveCfg = Release|Any CPU
		{A69C4FB2-D395-4B0B-90CD-8BF09C42F69E}.Release|Any CPU.Build.0 = Release|Any CPU
		{99588A08-ED28-4581-948B-DF57FA09DF11}.Debug|Any CPU.ActiveCfg = Debug|Any CPU
		{99588A08-ED28-4581-948B-DF57FA09DF11}.Debug|Any CPU.Build.0 = Debug|Any CPU
		{99588A08-ED28-4581-948B-DF57FA09DF11}.Release|Any CPU.ActiveCfg = Release|Any CPU
		{99588A08-ED28-4581-948B-DF57FA09DF11}.Release|Any CPU.Build.0 = Release|Any CPU
		{F26752B3-0D29-4BA5-A1E5-34E78ECC4CF5}.Debug|Any CPU.ActiveCfg = Debug|Any CPU
		{F26752B3-0D29-4BA5-A1E5-34E78ECC4CF5}.Debug|Any CPU.Build.0 = Debug|Any CPU
		{F26752B3-0D29-4BA5-A1E5-34E78ECC4CF5}.Release|Any CPU.ActiveCfg = Release|Any CPU
		{F26752B3-0D29-4BA5-A1E5-34E78ECC4CF5}.Release|Any CPU.Build.0 = Release|Any CPU
		{9DD7508D-D5F3-408E-A9BB-D142CC03D2FC}.Debug|Any CPU.ActiveCfg = Debug|Any CPU
		{9DD7508D-D5F3-408E-A9BB-D142CC03D2FC}.Debug|Any CPU.Build.0 = Debug|Any CPU
		{9DD7508D-D5F3-408E-A9BB-D142CC03D2FC}.Release|Any CPU.ActiveCfg = Release|Any CPU
		{9DD7508D-D5F3-408E-A9BB-D142CC03D2FC}.Release|Any CPU.Build.0 = Release|Any CPU
		{EB374FCA-02A8-4E76-B448-E30C4C9254D0}.Debug|Any CPU.ActiveCfg = Debug|Any CPU
		{EB374FCA-02A8-4E76-B448-E30C4C9254D0}.Debug|Any CPU.Build.0 = Debug|Any CPU
		{EB374FCA-02A8-4E76-B448-E30C4C9254D0}.Release|Any CPU.ActiveCfg = Release|Any CPU
		{EB374FCA-02A8-4E76-B448-E30C4C9254D0}.Release|Any CPU.Build.0 = Release|Any CPU
		{1B43BBF7-04FB-4437-BC6D-4ACD7B34ECBF}.Debug|Any CPU.ActiveCfg = Debug|Any CPU
		{1B43BBF7-04FB-4437-BC6D-4ACD7B34ECBF}.Debug|Any CPU.Build.0 = Debug|Any CPU
		{1B43BBF7-04FB-4437-BC6D-4ACD7B34ECBF}.Release|Any CPU.ActiveCfg = Release|Any CPU
		{1B43BBF7-04FB-4437-BC6D-4ACD7B34ECBF}.Release|Any CPU.Build.0 = Release|Any CPU
		{2CA125EF-C47B-4558-8AA0-0B0CEC9EB31E}.Debug|Any CPU.ActiveCfg = Debug|Any CPU
		{2CA125EF-C47B-4558-8AA0-0B0CEC9EB31E}.Debug|Any CPU.Build.0 = Debug|Any CPU
		{2CA125EF-C47B-4558-8AA0-0B0CEC9EB31E}.Release|Any CPU.ActiveCfg = Release|Any CPU
		{2CA125EF-C47B-4558-8AA0-0B0CEC9EB31E}.Release|Any CPU.Build.0 = Release|Any CPU
		{67FB48B9-F09D-4D9C-AAF7-B2D38BAA33FA}.Debug|Any CPU.ActiveCfg = Debug|Any CPU
		{67FB48B9-F09D-4D9C-AAF7-B2D38BAA33FA}.Debug|Any CPU.Build.0 = Debug|Any CPU
		{67FB48B9-F09D-4D9C-AAF7-B2D38BAA33FA}.Release|Any CPU.ActiveCfg = Release|Any CPU
		{67FB48B9-F09D-4D9C-AAF7-B2D38BAA33FA}.Release|Any CPU.Build.0 = Release|Any CPU
		{D2FE89BE-617E-441D-A681-BCFC899DE817}.Debug|Any CPU.ActiveCfg = Debug|Any CPU
		{D2FE89BE-617E-441D-A681-BCFC899DE817}.Debug|Any CPU.Build.0 = Debug|Any CPU
		{D2FE89BE-617E-441D-A681-BCFC899DE817}.Release|Any CPU.ActiveCfg = Release|Any CPU
		{D2FE89BE-617E-441D-A681-BCFC899DE817}.Release|Any CPU.Build.0 = Release|Any CPU
		{35959607-756D-4187-A5D7-5636AD133648}.Debug|Any CPU.ActiveCfg = Debug|Any CPU
		{35959607-756D-4187-A5D7-5636AD133648}.Debug|Any CPU.Build.0 = Debug|Any CPU
		{35959607-756D-4187-A5D7-5636AD133648}.Release|Any CPU.ActiveCfg = Release|Any CPU
		{35959607-756D-4187-A5D7-5636AD133648}.Release|Any CPU.Build.0 = Release|Any CPU
		{BC917AAF-660B-4E93-B80C-DD134B070B04}.Debug|Any CPU.ActiveCfg = Debug|Any CPU
		{BC917AAF-660B-4E93-B80C-DD134B070B04}.Debug|Any CPU.Build.0 = Debug|Any CPU
		{BC917AAF-660B-4E93-B80C-DD134B070B04}.Release|Any CPU.ActiveCfg = Release|Any CPU
		{BC917AAF-660B-4E93-B80C-DD134B070B04}.Release|Any CPU.Build.0 = Release|Any CPU
		{24678531-7A59-46CB-8360-A8D79906E15E}.Debug|Any CPU.ActiveCfg = Debug|Any CPU
		{24678531-7A59-46CB-8360-A8D79906E15E}.Debug|Any CPU.Build.0 = Debug|Any CPU
		{24678531-7A59-46CB-8360-A8D79906E15E}.Release|Any CPU.ActiveCfg = Release|Any CPU
		{24678531-7A59-46CB-8360-A8D79906E15E}.Release|Any CPU.Build.0 = Release|Any CPU
		{64E98969-6D67-4BC6-80D8-AC5663DC3382}.Debug|Any CPU.ActiveCfg = Debug|Any CPU
		{64E98969-6D67-4BC6-80D8-AC5663DC3382}.Debug|Any CPU.Build.0 = Debug|Any CPU
		{64E98969-6D67-4BC6-80D8-AC5663DC3382}.Release|Any CPU.ActiveCfg = Release|Any CPU
		{64E98969-6D67-4BC6-80D8-AC5663DC3382}.Release|Any CPU.Build.0 = Release|Any CPU
		{56E38633-0F58-4331-BD2B-5E4F15116A5E}.Debug|Any CPU.ActiveCfg = Debug|Any CPU
		{56E38633-0F58-4331-BD2B-5E4F15116A5E}.Debug|Any CPU.Build.0 = Debug|Any CPU
		{56E38633-0F58-4331-BD2B-5E4F15116A5E}.Release|Any CPU.ActiveCfg = Release|Any CPU
		{56E38633-0F58-4331-BD2B-5E4F15116A5E}.Release|Any CPU.Build.0 = Release|Any CPU
		{C2A3AB46-7560-4141-8B12-11071AD1ABFC}.Debug|Any CPU.ActiveCfg = Debug|Any CPU
		{C2A3AB46-7560-4141-8B12-11071AD1ABFC}.Debug|Any CPU.Build.0 = Debug|Any CPU
		{C2A3AB46-7560-4141-8B12-11071AD1ABFC}.Release|Any CPU.ActiveCfg = Release|Any CPU
		{C2A3AB46-7560-4141-8B12-11071AD1ABFC}.Release|Any CPU.Build.0 = Release|Any CPU
		{D5A89FD8-F673-45EA-A888-7CF49056B6E5}.Debug|Any CPU.ActiveCfg = Debug|Any CPU
		{D5A89FD8-F673-45EA-A888-7CF49056B6E5}.Debug|Any CPU.Build.0 = Debug|Any CPU
		{D5A89FD8-F673-45EA-A888-7CF49056B6E5}.Release|Any CPU.ActiveCfg = Release|Any CPU
		{D5A89FD8-F673-45EA-A888-7CF49056B6E5}.Release|Any CPU.Build.0 = Release|Any CPU
		{66F973F0-356E-4BBB-A54D-B7E5F5EA1460}.Debug|Any CPU.ActiveCfg = Debug|Any CPU
		{66F973F0-356E-4BBB-A54D-B7E5F5EA1460}.Debug|Any CPU.Build.0 = Debug|Any CPU
		{66F973F0-356E-4BBB-A54D-B7E5F5EA1460}.Release|Any CPU.ActiveCfg = Release|Any CPU
		{66F973F0-356E-4BBB-A54D-B7E5F5EA1460}.Release|Any CPU.Build.0 = Release|Any CPU
		{4D824EED-9C6C-4659-A3F6-4A36DBF0D046}.Debug|Any CPU.ActiveCfg = Debug|Any CPU
		{4D824EED-9C6C-4659-A3F6-4A36DBF0D046}.Debug|Any CPU.Build.0 = Debug|Any CPU
		{4D824EED-9C6C-4659-A3F6-4A36DBF0D046}.Release|Any CPU.ActiveCfg = Release|Any CPU
		{4D824EED-9C6C-4659-A3F6-4A36DBF0D046}.Release|Any CPU.Build.0 = Release|Any CPU
		{46FE1A2A-8DB1-4371-A360-5F4DC9B181A1}.Debug|Any CPU.ActiveCfg = Debug|Any CPU
		{46FE1A2A-8DB1-4371-A360-5F4DC9B181A1}.Debug|Any CPU.Build.0 = Debug|Any CPU
		{46FE1A2A-8DB1-4371-A360-5F4DC9B181A1}.Release|Any CPU.ActiveCfg = Release|Any CPU
		{46FE1A2A-8DB1-4371-A360-5F4DC9B181A1}.Release|Any CPU.Build.0 = Release|Any CPU
		{DF53354F-8AAB-46FF-B37D-9BBFF392D404}.Debug|Any CPU.ActiveCfg = Debug|Any CPU
		{DF53354F-8AAB-46FF-B37D-9BBFF392D404}.Debug|Any CPU.Build.0 = Debug|Any CPU
		{DF53354F-8AAB-46FF-B37D-9BBFF392D404}.Release|Any CPU.ActiveCfg = Release|Any CPU
		{DF53354F-8AAB-46FF-B37D-9BBFF392D404}.Release|Any CPU.Build.0 = Release|Any CPU
		{7D35AC43-04C3-4D9F-AAF6-4292B79062F4}.Debug|Any CPU.ActiveCfg = Debug|Any CPU
		{7D35AC43-04C3-4D9F-AAF6-4292B79062F4}.Debug|Any CPU.Build.0 = Debug|Any CPU
		{7D35AC43-04C3-4D9F-AAF6-4292B79062F4}.Release|Any CPU.ActiveCfg = Release|Any CPU
		{7D35AC43-04C3-4D9F-AAF6-4292B79062F4}.Release|Any CPU.Build.0 = Release|Any CPU
		{3C5D7B1A-13DA-41F4-ABCF-DA1A7DC20594}.Debug|Any CPU.ActiveCfg = Debug|Any CPU
		{3C5D7B1A-13DA-41F4-ABCF-DA1A7DC20594}.Debug|Any CPU.Build.0 = Debug|Any CPU
		{3C5D7B1A-13DA-41F4-ABCF-DA1A7DC20594}.Release|Any CPU.ActiveCfg = Release|Any CPU
		{3C5D7B1A-13DA-41F4-ABCF-DA1A7DC20594}.Release|Any CPU.Build.0 = Release|Any CPU
		{9C63DFD8-880D-4B72-A87F-074A524417AF}.Debug|Any CPU.ActiveCfg = Debug|Any CPU
		{9C63DFD8-880D-4B72-A87F-074A524417AF}.Debug|Any CPU.Build.0 = Debug|Any CPU
		{9C63DFD8-880D-4B72-A87F-074A524417AF}.Release|Any CPU.ActiveCfg = Release|Any CPU
		{9C63DFD8-880D-4B72-A87F-074A524417AF}.Release|Any CPU.Build.0 = Release|Any CPU
		{1A0988FD-CF77-429B-93C0-F724A9F270FA}.Debug|Any CPU.ActiveCfg = Debug|Any CPU
		{1A0988FD-CF77-429B-93C0-F724A9F270FA}.Debug|Any CPU.Build.0 = Debug|Any CPU
		{1A0988FD-CF77-429B-93C0-F724A9F270FA}.Release|Any CPU.ActiveCfg = Release|Any CPU
		{1A0988FD-CF77-429B-93C0-F724A9F270FA}.Release|Any CPU.Build.0 = Release|Any CPU
		{0415786F-2A7C-442D-A523-4781E8C9C838}.Debug|Any CPU.ActiveCfg = Debug|Any CPU
		{0415786F-2A7C-442D-A523-4781E8C9C838}.Debug|Any CPU.Build.0 = Debug|Any CPU
		{0415786F-2A7C-442D-A523-4781E8C9C838}.Release|Any CPU.ActiveCfg = Release|Any CPU
		{0415786F-2A7C-442D-A523-4781E8C9C838}.Release|Any CPU.Build.0 = Release|Any CPU
		{9EC50FA5-68B0-418A-91CF-10D4DB15A41F}.Debug|Any CPU.ActiveCfg = Debug|Any CPU
		{9EC50FA5-68B0-418A-91CF-10D4DB15A41F}.Debug|Any CPU.Build.0 = Debug|Any CPU
		{9EC50FA5-68B0-418A-91CF-10D4DB15A41F}.Release|Any CPU.ActiveCfg = Release|Any CPU
		{9EC50FA5-68B0-418A-91CF-10D4DB15A41F}.Release|Any CPU.Build.0 = Release|Any CPU
		{DC5D320D-1DC7-4C03-A66B-18E961C4E091}.Debug|Any CPU.ActiveCfg = Debug|Any CPU
		{DC5D320D-1DC7-4C03-A66B-18E961C4E091}.Debug|Any CPU.Build.0 = Debug|Any CPU
		{DC5D320D-1DC7-4C03-A66B-18E961C4E091}.Release|Any CPU.ActiveCfg = Release|Any CPU
		{DC5D320D-1DC7-4C03-A66B-18E961C4E091}.Release|Any CPU.Build.0 = Release|Any CPU
		{60BD9261-BCCD-4442-BB38-35BB399EF604}.Debug|Any CPU.ActiveCfg = Debug|Any CPU
		{60BD9261-BCCD-4442-BB38-35BB399EF604}.Debug|Any CPU.Build.0 = Debug|Any CPU
		{60BD9261-BCCD-4442-BB38-35BB399EF604}.Release|Any CPU.ActiveCfg = Release|Any CPU
		{60BD9261-BCCD-4442-BB38-35BB399EF604}.Release|Any CPU.Build.0 = Release|Any CPU
	EndGlobalSection
	GlobalSection(SolutionProperties) = preSolution
		HideSolutionNode = FALSE
	EndGlobalSection
	GlobalSection(ExtensibilityGlobals) = postSolution
		SolutionGuid = {348C01DE-B38D-42F4-825D-0052CFE10CCB}
	EndGlobalSection
EndGlobal
