
Microsoft Visual Studio Solution File, Format Version 12.00
# Visual Studio 15
VisualStudioVersion = 15.0.27004.2009
MinimumVisualStudioVersion = 10.0.40219.1
Project("{FAE04EC0-301F-11D3-BF4B-00C04F79EFBC}") = "Square Root", "Sum\Square Root.csproj", "{E3AE2A68-9A89-458F-8E03-A2A6ABC240A5}"
EndProject
Project("{FAE04EC0-301F-11D3-BF4B-00C04F79EFBC}") = "Sequence", "Average\Sequence.csproj", "{C3846AD9-7233-4ABF-9DCA-7A34483BDAC0}"
EndProject
Project("{FAE04EC0-301F-11D3-BF4B-00C04F79EFBC}") = "Scramble", "Scramble\Scramble.csproj", "{DBCF8CA3-E281-4C3A-923A-93D62001BAD3}"
EndProject
Project("{FAE04EC0-301F-11D3-BF4B-00C04F79EFBC}") = "DateTime", "DateTime\DateTime.csproj", "{BB77314A-1D54-46CD-9C9D-2EA0F31D50E9}"
EndProject
Project("{FAE04EC0-301F-11D3-BF4B-00C04F79EFBC}") = "DateAndAge", "DateAndAge\DateAndAge.csproj", "{01760162-E27E-467D-9C55-EE1EB9AE7351}"
EndProject
Project("{FAE04EC0-301F-11D3-BF4B-00C04F79EFBC}") = "Add10Years", "Add10Years\Add10Years.csproj", "{0611A39E-423E-421C-AD74-D249DB179084}"
EndProject
Project("{FAE04EC0-301F-11D3-BF4B-00C04F79EFBC}") = "first1000members", "first1000members\first1000members.csproj", "{8E600596-155A-4A68-9C10-2DEED5AB9818}"
EndProject
Global
	GlobalSection(SolutionConfigurationPlatforms) = preSolution
		Debug|Any CPU = Debug|Any CPU
		Release|Any CPU = Release|Any CPU
	EndGlobalSection
	GlobalSection(ProjectConfigurationPlatforms) = postSolution
		{E3AE2A68-9A89-458F-8E03-A2A6ABC240A5}.Debug|Any CPU.ActiveCfg = Debug|Any CPU
		{E3AE2A68-9A89-458F-8E03-A2A6ABC240A5}.Debug|Any CPU.Build.0 = Debug|Any CPU
		{E3AE2A68-9A89-458F-8E03-A2A6ABC240A5}.Release|Any CPU.ActiveCfg = Release|Any CPU
		{E3AE2A68-9A89-458F-8E03-A2A6ABC240A5}.Release|Any CPU.Build.0 = Release|Any CPU
		{C3846AD9-7233-4ABF-9DCA-7A34483BDAC0}.Debug|Any CPU.ActiveCfg = Debug|Any CPU
		{C3846AD9-7233-4ABF-9DCA-7A34483BDAC0}.Debug|Any CPU.Build.0 = Debug|Any CPU
		{C3846AD9-7233-4ABF-9DCA-7A34483BDAC0}.Release|Any CPU.ActiveCfg = Release|Any CPU
		{C3846AD9-7233-4ABF-9DCA-7A34483BDAC0}.Release|Any CPU.Build.0 = Release|Any CPU
		{DBCF8CA3-E281-4C3A-923A-93D62001BAD3}.Debug|Any CPU.ActiveCfg = Debug|Any CPU
		{DBCF8CA3-E281-4C3A-923A-93D62001BAD3}.Debug|Any CPU.Build.0 = Debug|Any CPU
		{DBCF8CA3-E281-4C3A-923A-93D62001BAD3}.Release|Any CPU.ActiveCfg = Release|Any CPU
		{DBCF8CA3-E281-4C3A-923A-93D62001BAD3}.Release|Any CPU.Build.0 = Release|Any CPU
		{BB77314A-1D54-46CD-9C9D-2EA0F31D50E9}.Debug|Any CPU.ActiveCfg = Debug|Any CPU
		{BB77314A-1D54-46CD-9C9D-2EA0F31D50E9}.Debug|Any CPU.Build.0 = Debug|Any CPU
		{BB77314A-1D54-46CD-9C9D-2EA0F31D50E9}.Release|Any CPU.ActiveCfg = Release|Any CPU
		{BB77314A-1D54-46CD-9C9D-2EA0F31D50E9}.Release|Any CPU.Build.0 = Release|Any CPU
		{01760162-E27E-467D-9C55-EE1EB9AE7351}.Debug|Any CPU.ActiveCfg = Debug|Any CPU
		{01760162-E27E-467D-9C55-EE1EB9AE7351}.Debug|Any CPU.Build.0 = Debug|Any CPU
		{01760162-E27E-467D-9C55-EE1EB9AE7351}.Release|Any CPU.ActiveCfg = Release|Any CPU
		{01760162-E27E-467D-9C55-EE1EB9AE7351}.Release|Any CPU.Build.0 = Release|Any CPU
		{0611A39E-423E-421C-AD74-D249DB179084}.Debug|Any CPU.ActiveCfg = Debug|Any CPU
		{0611A39E-423E-421C-AD74-D249DB179084}.Debug|Any CPU.Build.0 = Debug|Any CPU
		{0611A39E-423E-421C-AD74-D249DB179084}.Release|Any CPU.ActiveCfg = Release|Any CPU
		{0611A39E-423E-421C-AD74-D249DB179084}.Release|Any CPU.Build.0 = Release|Any CPU
		{8E600596-155A-4A68-9C10-2DEED5AB9818}.Debug|Any CPU.ActiveCfg = Debug|Any CPU
		{8E600596-155A-4A68-9C10-2DEED5AB9818}.Debug|Any CPU.Build.0 = Debug|Any CPU
		{8E600596-155A-4A68-9C10-2DEED5AB9818}.Release|Any CPU.ActiveCfg = Release|Any CPU
		{8E600596-155A-4A68-9C10-2DEED5AB9818}.Release|Any CPU.Build.0 = Release|Any CPU
	EndGlobalSection
	GlobalSection(SolutionProperties) = preSolution
		HideSolutionNode = FALSE
	EndGlobalSection
	GlobalSection(ExtensibilityGlobals) = postSolution
		SolutionGuid = {7002166F-8AE6-4C9B-8871-F0E6D96E6BC0}
	EndGlobalSection
EndGlobal
