
Microsoft Visual Studio Solution File, Format Version 12.00
# Visual Studio 15
VisualStudioVersion = 15.0.27004.2009
MinimumVisualStudioVersion = 10.0.40219.1
Project("{FAE04EC0-301F-11D3-BF4B-00C04F79EFBC}") = "ExchangeNumbers", "ExchangeNumbers\ExchangeNumbers.csproj", "{BEA92909-071A-45CF-8C2A-B37E9BD9E4A3}"
EndProject
Project("{FAE04EC0-301F-11D3-BF4B-00C04F79EFBC}") = "BonusScore", "BonusScore\BonusScore.csproj", "{357FEB98-2239-4E85-9B8F-AC0B6657C75C}"
EndProject
Project("{FAE04EC0-301F-11D3-BF4B-00C04F79EFBC}") = "PlayCard", "PlayCard\PlayCard.csproj", "{7F033D7C-7E1E-415F-B6EE-A96D191D0B6F}"
EndProject
Project("{FAE04EC0-301F-11D3-BF4B-00C04F79EFBC}") = "MultiplicationSign", "MultiplicationSign\MultiplicationSign.csproj", "{C8906656-ECAA-4A39-A697-69498750347D}"
EndProject
Project("{FAE04EC0-301F-11D3-BF4B-00C04F79EFBC}") = "BiggestOf3", "BiggestOf3\BiggestOf3.csproj", "{E6CA6555-F870-4EB9-9899-5E5F9502E9E4}"
EndProject
Project("{FAE04EC0-301F-11D3-BF4B-00C04F79EFBC}") = "BiggestOf5", "BiggestOf5\BiggestOf5.csproj", "{173B6490-00B4-4071-9529-D47CFDEBF180}"
EndProject
Project("{FAE04EC0-301F-11D3-BF4B-00C04F79EFBC}") = "Sort3Numbers", "Sort3Numbers\Sort3Numbers.csproj", "{48A406C7-B2EA-4A38-8D86-D845DA7B0771}"
EndProject
Project("{FAE04EC0-301F-11D3-BF4B-00C04F79EFBC}") = "DigitAsWord", "DigitAsWord\DigitAsWord.csproj", "{D52D5EC0-C510-4840-B0AC-699A88229F6D}"
EndProject
Project("{FAE04EC0-301F-11D3-BF4B-00C04F79EFBC}") = "IntDoubleString", "IntDoubleString\IntDoubleString.csproj", "{0F22C669-152B-4CBE-9C4C-89C6A09F44B0}"
EndProject
Project("{FAE04EC0-301F-11D3-BF4B-00C04F79EFBC}") = "1.OnTheBeach", "1.OnTheBeach\1.OnTheBeach.csproj", "{EED91B07-36B6-4792-983B-2934225267B5}"
EndProject
Project("{FAE04EC0-301F-11D3-BF4B-00C04F79EFBC}") = "2.Icecream", "2.Icecream\2.Icecream.csproj", "{07767BC7-787A-49F5-BCB1-EB2A7B06CD84}"
EndProject
Project("{FAE04EC0-301F-11D3-BF4B-00C04F79EFBC}") = "3.ElectronicMessage", "3.ElectronicMessage\3.ElectronicMessage.csproj", "{B0ED6CBC-5770-4D5C-849C-F0D39EFF58BA}"
EndProject
Project("{FAE04EC0-301F-11D3-BF4B-00C04F79EFBC}") = "4.DigitsInText", "4.DigitsInText\4.DigitsInText.csproj", "{4922F032-D398-4FA4-9FCA-45201CC10E9D}"
EndProject
Project("{FAE04EC0-301F-11D3-BF4B-00C04F79EFBC}") = "5.Figures", "5.Figures\5.Figures.csproj", "{4CA4922C-CDE8-4150-A6E9-0CDF949E5BA1}"
EndProject
Project("{FAE04EC0-301F-11D3-BF4B-00C04F79EFBC}") = "6.AutobusExcurssion", "6.AutobusExcurssion\6.AutobusExcurssion.csproj", "{147C122F-457A-435E-AE08-FA87CD1A1DC3}"
EndProject
Project("{FAE04EC0-301F-11D3-BF4B-00C04F79EFBC}") = "7.Order", "7.Order\7.Order.csproj", "{C3DDD56F-1737-4CAC-9B7B-9E63A85DDF30}"
EndProject
Project("{FAE04EC0-301F-11D3-BF4B-00C04F79EFBC}") = "8.MirrorCodes", "8.MirrorCodes\8.MirrorCodes.csproj", "{46006D39-3F83-438F-9573-9C4B03158E7F}"
EndProject
Project("{FAE04EC0-301F-11D3-BF4B-00C04F79EFBC}") = "9.HarmoniousWords", "9.HarmoniousWords\9.HarmoniousWords.csproj", "{BE96F21C-0C4D-4F24-BA14-73B1BB369BBD}"
EndProject
Project("{FAE04EC0-301F-11D3-BF4B-00C04F79EFBC}") = "10.SmallestDigit", "10.SmallestDigit\10.SmallestDigit.csproj", "{5B025F0D-10A8-49BE-8BF8-D8EE030D4CAA}"
EndProject
Global
	GlobalSection(SolutionConfigurationPlatforms) = preSolution
		Debug|Any CPU = Debug|Any CPU
		Release|Any CPU = Release|Any CPU
	EndGlobalSection
	GlobalSection(ProjectConfigurationPlatforms) = postSolution
		{BEA92909-071A-45CF-8C2A-B37E9BD9E4A3}.Debug|Any CPU.ActiveCfg = Debug|Any CPU
		{BEA92909-071A-45CF-8C2A-B37E9BD9E4A3}.Debug|Any CPU.Build.0 = Debug|Any CPU
		{BEA92909-071A-45CF-8C2A-B37E9BD9E4A3}.Release|Any CPU.ActiveCfg = Release|Any CPU
		{BEA92909-071A-45CF-8C2A-B37E9BD9E4A3}.Release|Any CPU.Build.0 = Release|Any CPU
		{357FEB98-2239-4E85-9B8F-AC0B6657C75C}.Debug|Any CPU.ActiveCfg = Debug|Any CPU
		{357FEB98-2239-4E85-9B8F-AC0B6657C75C}.Debug|Any CPU.Build.0 = Debug|Any CPU
		{357FEB98-2239-4E85-9B8F-AC0B6657C75C}.Release|Any CPU.ActiveCfg = Release|Any CPU
		{357FEB98-2239-4E85-9B8F-AC0B6657C75C}.Release|Any CPU.Build.0 = Release|Any CPU
		{7F033D7C-7E1E-415F-B6EE-A96D191D0B6F}.Debug|Any CPU.ActiveCfg = Debug|Any CPU
		{7F033D7C-7E1E-415F-B6EE-A96D191D0B6F}.Debug|Any CPU.Build.0 = Debug|Any CPU
		{7F033D7C-7E1E-415F-B6EE-A96D191D0B6F}.Release|Any CPU.ActiveCfg = Release|Any CPU
		{7F033D7C-7E1E-415F-B6EE-A96D191D0B6F}.Release|Any CPU.Build.0 = Release|Any CPU
		{C8906656-ECAA-4A39-A697-69498750347D}.Debug|Any CPU.ActiveCfg = Debug|Any CPU
		{C8906656-ECAA-4A39-A697-69498750347D}.Debug|Any CPU.Build.0 = Debug|Any CPU
		{C8906656-ECAA-4A39-A697-69498750347D}.Release|Any CPU.ActiveCfg = Release|Any CPU
		{C8906656-ECAA-4A39-A697-69498750347D}.Release|Any CPU.Build.0 = Release|Any CPU
		{E6CA6555-F870-4EB9-9899-5E5F9502E9E4}.Debug|Any CPU.ActiveCfg = Debug|Any CPU
		{E6CA6555-F870-4EB9-9899-5E5F9502E9E4}.Debug|Any CPU.Build.0 = Debug|Any CPU
		{E6CA6555-F870-4EB9-9899-5E5F9502E9E4}.Release|Any CPU.ActiveCfg = Release|Any CPU
		{E6CA6555-F870-4EB9-9899-5E5F9502E9E4}.Release|Any CPU.Build.0 = Release|Any CPU
		{173B6490-00B4-4071-9529-D47CFDEBF180}.Debug|Any CPU.ActiveCfg = Debug|Any CPU
		{173B6490-00B4-4071-9529-D47CFDEBF180}.Debug|Any CPU.Build.0 = Debug|Any CPU
		{173B6490-00B4-4071-9529-D47CFDEBF180}.Release|Any CPU.ActiveCfg = Release|Any CPU
		{173B6490-00B4-4071-9529-D47CFDEBF180}.Release|Any CPU.Build.0 = Release|Any CPU
		{48A406C7-B2EA-4A38-8D86-D845DA7B0771}.Debug|Any CPU.ActiveCfg = Debug|Any CPU
		{48A406C7-B2EA-4A38-8D86-D845DA7B0771}.Debug|Any CPU.Build.0 = Debug|Any CPU
		{48A406C7-B2EA-4A38-8D86-D845DA7B0771}.Release|Any CPU.ActiveCfg = Release|Any CPU
		{48A406C7-B2EA-4A38-8D86-D845DA7B0771}.Release|Any CPU.Build.0 = Release|Any CPU
		{D52D5EC0-C510-4840-B0AC-699A88229F6D}.Debug|Any CPU.ActiveCfg = Debug|Any CPU
		{D52D5EC0-C510-4840-B0AC-699A88229F6D}.Debug|Any CPU.Build.0 = Debug|Any CPU
		{D52D5EC0-C510-4840-B0AC-699A88229F6D}.Release|Any CPU.ActiveCfg = Release|Any CPU
		{D52D5EC0-C510-4840-B0AC-699A88229F6D}.Release|Any CPU.Build.0 = Release|Any CPU
		{0F22C669-152B-4CBE-9C4C-89C6A09F44B0}.Debug|Any CPU.ActiveCfg = Debug|Any CPU
		{0F22C669-152B-4CBE-9C4C-89C6A09F44B0}.Debug|Any CPU.Build.0 = Debug|Any CPU
		{0F22C669-152B-4CBE-9C4C-89C6A09F44B0}.Release|Any CPU.ActiveCfg = Release|Any CPU
		{0F22C669-152B-4CBE-9C4C-89C6A09F44B0}.Release|Any CPU.Build.0 = Release|Any CPU
		{EED91B07-36B6-4792-983B-2934225267B5}.Debug|Any CPU.ActiveCfg = Debug|Any CPU
		{EED91B07-36B6-4792-983B-2934225267B5}.Debug|Any CPU.Build.0 = Debug|Any CPU
		{EED91B07-36B6-4792-983B-2934225267B5}.Release|Any CPU.ActiveCfg = Release|Any CPU
		{EED91B07-36B6-4792-983B-2934225267B5}.Release|Any CPU.Build.0 = Release|Any CPU
		{07767BC7-787A-49F5-BCB1-EB2A7B06CD84}.Debug|Any CPU.ActiveCfg = Debug|Any CPU
		{07767BC7-787A-49F5-BCB1-EB2A7B06CD84}.Debug|Any CPU.Build.0 = Debug|Any CPU
		{07767BC7-787A-49F5-BCB1-EB2A7B06CD84}.Release|Any CPU.ActiveCfg = Release|Any CPU
		{07767BC7-787A-49F5-BCB1-EB2A7B06CD84}.Release|Any CPU.Build.0 = Release|Any CPU
		{B0ED6CBC-5770-4D5C-849C-F0D39EFF58BA}.Debug|Any CPU.ActiveCfg = Debug|Any CPU
		{B0ED6CBC-5770-4D5C-849C-F0D39EFF58BA}.Debug|Any CPU.Build.0 = Debug|Any CPU
		{B0ED6CBC-5770-4D5C-849C-F0D39EFF58BA}.Release|Any CPU.ActiveCfg = Release|Any CPU
		{B0ED6CBC-5770-4D5C-849C-F0D39EFF58BA}.Release|Any CPU.Build.0 = Release|Any CPU
		{4922F032-D398-4FA4-9FCA-45201CC10E9D}.Debug|Any CPU.ActiveCfg = Debug|Any CPU
		{4922F032-D398-4FA4-9FCA-45201CC10E9D}.Debug|Any CPU.Build.0 = Debug|Any CPU
		{4922F032-D398-4FA4-9FCA-45201CC10E9D}.Release|Any CPU.ActiveCfg = Release|Any CPU
		{4922F032-D398-4FA4-9FCA-45201CC10E9D}.Release|Any CPU.Build.0 = Release|Any CPU
		{4CA4922C-CDE8-4150-A6E9-0CDF949E5BA1}.Debug|Any CPU.ActiveCfg = Debug|Any CPU
		{4CA4922C-CDE8-4150-A6E9-0CDF949E5BA1}.Debug|Any CPU.Build.0 = Debug|Any CPU
		{4CA4922C-CDE8-4150-A6E9-0CDF949E5BA1}.Release|Any CPU.ActiveCfg = Release|Any CPU
		{4CA4922C-CDE8-4150-A6E9-0CDF949E5BA1}.Release|Any CPU.Build.0 = Release|Any CPU
		{147C122F-457A-435E-AE08-FA87CD1A1DC3}.Debug|Any CPU.ActiveCfg = Debug|Any CPU
		{147C122F-457A-435E-AE08-FA87CD1A1DC3}.Debug|Any CPU.Build.0 = Debug|Any CPU
		{147C122F-457A-435E-AE08-FA87CD1A1DC3}.Release|Any CPU.ActiveCfg = Release|Any CPU
		{147C122F-457A-435E-AE08-FA87CD1A1DC3}.Release|Any CPU.Build.0 = Release|Any CPU
		{C3DDD56F-1737-4CAC-9B7B-9E63A85DDF30}.Debug|Any CPU.ActiveCfg = Debug|Any CPU
		{C3DDD56F-1737-4CAC-9B7B-9E63A85DDF30}.Debug|Any CPU.Build.0 = Debug|Any CPU
		{C3DDD56F-1737-4CAC-9B7B-9E63A85DDF30}.Release|Any CPU.ActiveCfg = Release|Any CPU
		{C3DDD56F-1737-4CAC-9B7B-9E63A85DDF30}.Release|Any CPU.Build.0 = Release|Any CPU
		{46006D39-3F83-438F-9573-9C4B03158E7F}.Debug|Any CPU.ActiveCfg = Debug|Any CPU
		{46006D39-3F83-438F-9573-9C4B03158E7F}.Debug|Any CPU.Build.0 = Debug|Any CPU
		{46006D39-3F83-438F-9573-9C4B03158E7F}.Release|Any CPU.ActiveCfg = Release|Any CPU
		{46006D39-3F83-438F-9573-9C4B03158E7F}.Release|Any CPU.Build.0 = Release|Any CPU
		{BE96F21C-0C4D-4F24-BA14-73B1BB369BBD}.Debug|Any CPU.ActiveCfg = Debug|Any CPU
		{BE96F21C-0C4D-4F24-BA14-73B1BB369BBD}.Debug|Any CPU.Build.0 = Debug|Any CPU
		{BE96F21C-0C4D-4F24-BA14-73B1BB369BBD}.Release|Any CPU.ActiveCfg = Release|Any CPU
		{BE96F21C-0C4D-4F24-BA14-73B1BB369BBD}.Release|Any CPU.Build.0 = Release|Any CPU
		{5B025F0D-10A8-49BE-8BF8-D8EE030D4CAA}.Debug|Any CPU.ActiveCfg = Debug|Any CPU
		{5B025F0D-10A8-49BE-8BF8-D8EE030D4CAA}.Debug|Any CPU.Build.0 = Debug|Any CPU
		{5B025F0D-10A8-49BE-8BF8-D8EE030D4CAA}.Release|Any CPU.ActiveCfg = Release|Any CPU
		{5B025F0D-10A8-49BE-8BF8-D8EE030D4CAA}.Release|Any CPU.Build.0 = Release|Any CPU
	EndGlobalSection
	GlobalSection(SolutionProperties) = preSolution
		HideSolutionNode = FALSE
	EndGlobalSection
	GlobalSection(ExtensibilityGlobals) = postSolution
		SolutionGuid = {4B8D6058-5D0B-4F22-B8C0-0B6B76C7A5C2}
	EndGlobalSection
EndGlobal
