
Microsoft Visual Studio Solution File, Format Version 12.00
# Visual Studio 15
VisualStudioVersion = 15.0.27004.2009
MinimumVisualStudioVersion = 10.0.40219.1
Project("{FAE04EC0-301F-11D3-BF4B-00C04F79EFBC}") = "BobbyAvokadoto", "BobbyAvokadoto\BobbyAvokadoto.csproj", "{63FDF415-6D7E-4326-89B7-16249B394219}"
EndProject
Project("{FAE04EC0-301F-11D3-BF4B-00C04F79EFBC}") = "BirdsAndFeathers", "BirdsAndFeathers\BirdsAndFeathers.csproj", "{BCDD62B0-7B9A-4460-9D09-93EAF07E722D}"
EndProject
Project("{FAE04EC0-301F-11D3-BF4B-00C04F79EFBC}") = "Buses", "Buses\Buses.csproj", "{51D97B4B-E393-4F28-B53E-1A2B6BA3066C}"
EndProject
Project("{FAE04EC0-301F-11D3-BF4B-00C04F79EFBC}") = "NumberOfPages", "NumberOfPages\NumberOfPages.csproj", "{257D7594-1A4A-425D-8D06-93CB5B29C748}"
EndProject
Project("{FAE04EC0-301F-11D3-BF4B-00C04F79EFBC}") = "MythicalNumbers", "MythicalNumbers\MythicalNumbers.csproj", "{40BEDA47-B84B-438F-A824-1AADBDA06BD0}"
EndProject
Project("{FAE04EC0-301F-11D3-BF4B-00C04F79EFBC}") = "JumpJump", "JumpJump\JumpJump.csproj", "{CE937B34-D858-4FFC-8292-25DFBC5DC150}"
EndProject
Project("{FAE04EC0-301F-11D3-BF4B-00C04F79EFBC}") = "HiddenMessage", "HiddenMessage\HiddenMessage.csproj", "{1B2A88A4-CE4B-481E-A2E1-877ADF87749F}"
EndProject
Project("{FAE04EC0-301F-11D3-BF4B-00C04F79EFBC}") = "MixingNumbers", "MixingNumbers\MixingNumbers.csproj", "{41643DFA-375F-4DC9-BE84-C40EE79DF4FF}"
EndProject
Project("{FAE04EC0-301F-11D3-BF4B-00C04F79EFBC}") = "MagicalNumbers", "MagicalNumbers\MagicalNumbers.csproj", "{00C454EA-0AA6-404A-B2E8-B22540205AC0}"
EndProject
Project("{FAE04EC0-301F-11D3-BF4B-00C04F79EFBC}") = "GoingToAParty", "GoingToAParty\GoingToAParty.csproj", "{2379CC8A-03E0-4E90-9DFD-22629E2C7245}"
EndProject
Project("{FAE04EC0-301F-11D3-BF4B-00C04F79EFBC}") = "SecretMessage", "SecretMessage\SecretMessage.csproj", "{63B495EE-40FA-4175-9B3A-D6B74849D04F}"
EndProject
Project("{FAE04EC0-301F-11D3-BF4B-00C04F79EFBC}") = "MergingNumbers", "MergingNumbers\MergingNumbers.csproj", "{9C1CBF29-4AF1-420E-A5E0-102FAEBC94D0}"
EndProject
Project("{FAE04EC0-301F-11D3-BF4B-00C04F79EFBC}") = "MutantSquirrels", "MutantSquirrels\MutantSquirrels.csproj", "{9A7050A5-1714-412E-9001-C8E49970BFDB}"
EndProject
Project("{FAE04EC0-301F-11D3-BF4B-00C04F79EFBC}") = "Speeds", "Speeds\Speeds.csproj", "{18F80077-F921-436B-9C61-3FDB096EC951}"
EndProject
Project("{FAE04EC0-301F-11D3-BF4B-00C04F79EFBC}") = "SumOfEvenDevisors", "SumOfEvenDevisors\SumOfEvenDevisors.csproj", "{02E66F72-D3F4-45F8-8D1A-67234E6200BB}"
EndProject
Project("{FAE04EC0-301F-11D3-BF4B-00C04F79EFBC}") = "SumOfOddDevisors", "SumOfOddDevisors\SumOfOddDevisors.csproj", "{09B2E331-CC73-4DDE-99D8-3FA21A810815}"
EndProject
Project("{FAE04EC0-301F-11D3-BF4B-00C04F79EFBC}") = "MalkoKote", "MalkoKote\MalkoKote.csproj", "{92545C7E-C1CB-4B2D-B7CB-F8EB54CA4115}"
EndProject
Project("{FAE04EC0-301F-11D3-BF4B-00C04F79EFBC}") = "Conductors", "Conductors\Conductors.csproj", "{87B6F7D9-9EAB-4B29-BD5B-211B63DC4240}"
EndProject
Project("{FAE04EC0-301F-11D3-BF4B-00C04F79EFBC}") = "NumberOfDigits", "NumberOfDigits\NumberOfDigits.csproj", "{EAD05B1C-5868-4143-86F0-EBC64AD3D998}"
EndProject
Project("{FAE04EC0-301F-11D3-BF4B-00C04F79EFBC}") = "Batman", "Batman\Batman.csproj", "{CC36B847-980D-40CF-AF35-09111C1F614F}"
EndProject
Project("{FAE04EC0-301F-11D3-BF4B-00C04F79EFBC}") = "A,BandC", "A,BandC\A,BandC.csproj", "{5547CFE2-F7B0-454E-ADE6-49DB6646D760}"
EndProject
Project("{FAE04EC0-301F-11D3-BF4B-00C04F79EFBC}") = "SymbolToNumber", "SymbolToNumber\SymbolToNumber.csproj", "{3DEAFC9C-FFF3-4EC1-A6BD-EF319625E373}"
EndProject
Project("{FAE04EC0-301F-11D3-BF4B-00C04F79EFBC}") = "ConsoleApplication2", "ConsoleApplication2\ConsoleApplication2.csproj", "{516CBA97-3E2A-4668-A80A-2078CA3DF2A5}"
EndProject
Project("{FAE04EC0-301F-11D3-BF4B-00C04F79EFBC}") = "ExRugs", "ExRugs\ExRugs.csproj", "{D03A76BB-3C2F-4056-82D4-3C86C562A207}"
EndProject
Project("{FAE04EC0-301F-11D3-BF4B-00C04F79EFBC}") = "FindBits", "FindBits\FindBits.csproj", "{C9826BE0-557B-4CE2-B138-F8C375416AF2}"
EndProject
Project("{FAE04EC0-301F-11D3-BF4B-00C04F79EFBC}") = "Printing", "Printing\Printing.csproj", "{748858FF-9F63-4203-882B-F8B659F9ED2A}"
EndProject
Project("{FAE04EC0-301F-11D3-BF4B-00C04F79EFBC}") = "TextToNumber", "TextToNumber\TextToNumber.csproj", "{8A9AD1BD-217C-46FF-AF79-31024FE40A6E}"
EndProject
Project("{FAE04EC0-301F-11D3-BF4B-00C04F79EFBC}") = "SaddyCopper", "SaddyCopper\SaddyCopper.csproj", "{47319CAA-034A-4072-B963-CFA92A4858BF}"
EndProject
Project("{FAE04EC0-301F-11D3-BF4B-00C04F79EFBC}") = "Cube", "Cube\Cube.csproj", "{C34DC0CE-FD98-4D32-AB88-0AAC69E88172}"
EndProject
Project("{FAE04EC0-301F-11D3-BF4B-00C04F79EFBC}") = "BitsToBits", "BitsToBits\BitsToBits.csproj", "{E871B090-B9A4-465D-BC41-7B387521C0CB}"
EndProject
Project("{FAE04EC0-301F-11D3-BF4B-00C04F79EFBC}") = "DrawingCircle", "DrawingCircle\DrawingCircle.csproj", "{555147A1-FEDF-4429-94E6-16A8210B80D1}"
EndProject
Project("{FAE04EC0-301F-11D3-BF4B-00C04F79EFBC}") = "Money", "Money\Money.csproj", "{6D4DADB4-4B4A-4B20-9F28-50D4AEECFAF3}"
EndProject
Project("{FAE04EC0-301F-11D3-BF4B-00C04F79EFBC}") = "EncodingSum", "EncodingSum\EncodingSum.csproj", "{63CF2FDA-0836-4C8F-8D85-E780A5349CCC}"
EndProject
Project("{FAE04EC0-301F-11D3-BF4B-00C04F79EFBC}") = "Maslan", "Maslan\Maslan.csproj", "{50395E3F-998F-4F4E-B0C8-91D4C7D64926}"
EndProject
Project("{FAE04EC0-301F-11D3-BF4B-00C04F79EFBC}") = "Cube-3D", "Cube-3D\Cube-3D.csproj", "{0AB45B3D-7F16-428A-BB00-B56D285F1C36}"
EndProject
Project("{FAE04EC0-301F-11D3-BF4B-00C04F79EFBC}") = "SequenceOfBits", "SequenceOfBits\SequenceOfBits.csproj", "{418CB1DC-95AC-431D-93EA-FD7B216D9C91}"
EndProject
Project("{FAE04EC0-301F-11D3-BF4B-00C04F79EFBC}") = "ThreeNumbers", "ThreeNumbers\ThreeNumbers.csproj", "{709A70E1-5898-460A-A670-55FA4F15E2FA}"
EndProject
Project("{FAE04EC0-301F-11D3-BF4B-00C04F79EFBC}") = "Decoding", "Decoding\Decoding.csproj", "{5C09194A-B076-49E1-8F6C-6D0D6428E507}"
EndProject
Project("{FAE04EC0-301F-11D3-BF4B-00C04F79EFBC}") = "ConsoleApplication1", "ConsoleApplication1\ConsoleApplication1.csproj", "{D01DEAE1-1416-4E73-B8DA-FD7E8DA3C22D}"
EndProject
Project("{FAE04EC0-301F-11D3-BF4B-00C04F79EFBC}") = "PersianRugs", "PersianRugs\PersianRugs.csproj", "{99F689CD-31CE-4B87-8D34-697CE005DFAA}"
EndProject
Project("{FAE04EC0-301F-11D3-BF4B-00C04F79EFBC}") = "SearchInBits", "SearchInBits\SearchInBits.csproj", "{D23C8B2E-FBE8-4171-BAA7-78EFB8B2FA0E}"
EndProject
Project("{FAE04EC0-301F-11D3-BF4B-00C04F79EFBC}") = "3-6-9", "3-6-9\3-6-9.csproj", "{AFFADAC5-CD75-4A51-BF15-E1BDFCA10BC4}"
EndProject
Project("{FAE04EC0-301F-11D3-BF4B-00C04F79EFBC}") = "TheHorror", "TheHorror\TheHorror.csproj", "{73884788-3D19-4B84-9324-146EB1D5A492}"
EndProject
Project("{FAE04EC0-301F-11D3-BF4B-00C04F79EFBC}") = "X-expression", "X-expression\X-expression.csproj", "{34BB733D-8338-413F-93F1-E358BF4F9718}"
EndProject
Project("{FAE04EC0-301F-11D3-BF4B-00C04F79EFBC}") = "DiamondTrolls", "DiamondTrolls\DiamondTrolls.csproj", "{3DC78D8F-14F7-46E8-80FF-B66A0AE2EEBC}"
EndProject
Project("{FAE04EC0-301F-11D3-BF4B-00C04F79EFBC}") = "AmericanPie", "AmericanPie\AmericanPie.csproj", "{D2A406AA-2373-4457-B140-0A10A11F7F38}"
EndProject
Project("{FAE04EC0-301F-11D3-BF4B-00C04F79EFBC}") = "ApplesOrOranges", "ApplesOrOranges\ApplesOrOranges.csproj", "{7810BFEE-58AF-4A30-AB40-3BEAE649B709}"
EndProject
Project("{FAE04EC0-301F-11D3-BF4B-00C04F79EFBC}") = "BinaryDigits", "BinaryDigits\BinaryDigits.csproj", "{CAB99158-2E34-46D9-A488-91AB54C55B0D}"
EndProject
Project("{FAE04EC0-301F-11D3-BF4B-00C04F79EFBC}") = "EasterMister", "EasterMister\EasterMister.csproj", "{E1F624BE-66F8-4921-A0F8-F60412AA2B7D}"
EndProject
Project("{FAE04EC0-301F-11D3-BF4B-00C04F79EFBC}") = "Garden", "Garden\Garden.csproj", "{D39D1647-DA7E-4B10-9D73-93EEA30500CE}"
EndProject
Project("{FAE04EC0-301F-11D3-BF4B-00C04F79EFBC}") = "SecretsOfNumbers", "SecretsOfNumbers\SecretsOfNumbers.csproj", "{C1415024-1AB5-4E8E-828A-3D81FB2EA2DD}"
EndProject
Project("{FAE04EC0-301F-11D3-BF4B-00C04F79EFBC}") = "CardWarsBatka", "CardWarsBatka\CardWarsBatka.csproj", "{7A51EB6E-B34C-48F6-A70E-FE601C02B885}"
EndProject
Project("{FAE04EC0-301F-11D3-BF4B-00C04F79EFBC}") = "Bat'Goiko Tower", "Bat'Goiko Tower\Bat'Goiko Tower.csproj", "{99FE3DAB-0B68-4A08-A050-3F9858E9D06F}"
EndProject
Project("{FAE04EC0-301F-11D3-BF4B-00C04F79EFBC}") = "CoffeeVendingMachine", "CoffeeVendingMachine\CoffeeVendingMachine.csproj", "{9C0B8411-FFB6-4F4F-A8F0-2BE274AF33F1}"
EndProject
Project("{FAE04EC0-301F-11D3-BF4B-00C04F79EFBC}") = "DrunkenNumbers", "DrunkenNumbers\DrunkenNumbers.csproj", "{C3C476B0-2A3E-437A-AA5A-63CCCDDDBBB9}"
EndProject
Project("{FAE04EC0-301F-11D3-BF4B-00C04F79EFBC}") = "FireInTheMatrix", "FireInTheMatrix\FireInTheMatrix.csproj", "{1340C191-B147-4249-A241-A4949F575539}"
EndProject
Project("{FAE04EC0-301F-11D3-BF4B-00C04F79EFBC}") = "NeuromMapping", "NeuromMapping\NeuromMapping.csproj", "{7069E3FE-3E46-439F-98CD-2A36B5A3F66A}"
EndProject
Project("{FAE04EC0-301F-11D3-BF4B-00C04F79EFBC}") = "Arrow", "Arrow\Arrow.csproj", "{2FD93485-1B53-49A4-A6CF-30BE81D38ECB}"
EndProject
Project("{FAE04EC0-301F-11D3-BF4B-00C04F79EFBC}") = "ExamSchedule", "ExamSchedule\ExamSchedule.csproj", "{1FF38B1B-9E31-475B-9AFE-3D2F79A2E9C3}"
EndProject
Project("{FAE04EC0-301F-11D3-BF4B-00C04F79EFBC}") = "OddEvenElements", "OddEvenElements\OddEvenElements.csproj", "{007FBB0B-8E5C-401A-8985-F03B998ED4CC}"
EndProject
Project("{FAE04EC0-301F-11D3-BF4B-00C04F79EFBC}") = "FiveSpecialLetters", "FiveSpecialLetters\FiveSpecialLetters.csproj", "{FC0234D3-5595-40D9-8B30-5497B84CB192}"
EndProject
Project("{FAE04EC0-301F-11D3-BF4B-00C04F79EFBC}") = "BitRoller", "BitRoller\BitRoller.csproj", "{1870262F-D02E-4B92-AE15-A88F3A2613BD}"
EndProject
Global
	GlobalSection(SolutionConfigurationPlatforms) = preSolution
		Debug|Any CPU = Debug|Any CPU
		Release|Any CPU = Release|Any CPU
	EndGlobalSection
	GlobalSection(ProjectConfigurationPlatforms) = postSolution
		{63FDF415-6D7E-4326-89B7-16249B394219}.Debug|Any CPU.ActiveCfg = Debug|Any CPU
		{63FDF415-6D7E-4326-89B7-16249B394219}.Debug|Any CPU.Build.0 = Debug|Any CPU
		{63FDF415-6D7E-4326-89B7-16249B394219}.Release|Any CPU.ActiveCfg = Release|Any CPU
		{63FDF415-6D7E-4326-89B7-16249B394219}.Release|Any CPU.Build.0 = Release|Any CPU
		{BCDD62B0-7B9A-4460-9D09-93EAF07E722D}.Debug|Any CPU.ActiveCfg = Debug|Any CPU
		{BCDD62B0-7B9A-4460-9D09-93EAF07E722D}.Debug|Any CPU.Build.0 = Debug|Any CPU
		{BCDD62B0-7B9A-4460-9D09-93EAF07E722D}.Release|Any CPU.ActiveCfg = Release|Any CPU
		{BCDD62B0-7B9A-4460-9D09-93EAF07E722D}.Release|Any CPU.Build.0 = Release|Any CPU
		{51D97B4B-E393-4F28-B53E-1A2B6BA3066C}.Debug|Any CPU.ActiveCfg = Debug|Any CPU
		{51D97B4B-E393-4F28-B53E-1A2B6BA3066C}.Debug|Any CPU.Build.0 = Debug|Any CPU
		{51D97B4B-E393-4F28-B53E-1A2B6BA3066C}.Release|Any CPU.ActiveCfg = Release|Any CPU
		{51D97B4B-E393-4F28-B53E-1A2B6BA3066C}.Release|Any CPU.Build.0 = Release|Any CPU
		{257D7594-1A4A-425D-8D06-93CB5B29C748}.Debug|Any CPU.ActiveCfg = Debug|Any CPU
		{257D7594-1A4A-425D-8D06-93CB5B29C748}.Debug|Any CPU.Build.0 = Debug|Any CPU
		{257D7594-1A4A-425D-8D06-93CB5B29C748}.Release|Any CPU.ActiveCfg = Release|Any CPU
		{257D7594-1A4A-425D-8D06-93CB5B29C748}.Release|Any CPU.Build.0 = Release|Any CPU
		{40BEDA47-B84B-438F-A824-1AADBDA06BD0}.Debug|Any CPU.ActiveCfg = Debug|Any CPU
		{40BEDA47-B84B-438F-A824-1AADBDA06BD0}.Debug|Any CPU.Build.0 = Debug|Any CPU
		{40BEDA47-B84B-438F-A824-1AADBDA06BD0}.Release|Any CPU.ActiveCfg = Release|Any CPU
		{40BEDA47-B84B-438F-A824-1AADBDA06BD0}.Release|Any CPU.Build.0 = Release|Any CPU
		{CE937B34-D858-4FFC-8292-25DFBC5DC150}.Debug|Any CPU.ActiveCfg = Debug|Any CPU
		{CE937B34-D858-4FFC-8292-25DFBC5DC150}.Debug|Any CPU.Build.0 = Debug|Any CPU
		{CE937B34-D858-4FFC-8292-25DFBC5DC150}.Release|Any CPU.ActiveCfg = Release|Any CPU
		{CE937B34-D858-4FFC-8292-25DFBC5DC150}.Release|Any CPU.Build.0 = Release|Any CPU
		{1B2A88A4-CE4B-481E-A2E1-877ADF87749F}.Debug|Any CPU.ActiveCfg = Debug|Any CPU
		{1B2A88A4-CE4B-481E-A2E1-877ADF87749F}.Debug|Any CPU.Build.0 = Debug|Any CPU
		{1B2A88A4-CE4B-481E-A2E1-877ADF87749F}.Release|Any CPU.ActiveCfg = Release|Any CPU
		{1B2A88A4-CE4B-481E-A2E1-877ADF87749F}.Release|Any CPU.Build.0 = Release|Any CPU
		{41643DFA-375F-4DC9-BE84-C40EE79DF4FF}.Debug|Any CPU.ActiveCfg = Debug|Any CPU
		{41643DFA-375F-4DC9-BE84-C40EE79DF4FF}.Debug|Any CPU.Build.0 = Debug|Any CPU
		{41643DFA-375F-4DC9-BE84-C40EE79DF4FF}.Release|Any CPU.ActiveCfg = Release|Any CPU
		{41643DFA-375F-4DC9-BE84-C40EE79DF4FF}.Release|Any CPU.Build.0 = Release|Any CPU
		{00C454EA-0AA6-404A-B2E8-B22540205AC0}.Debug|Any CPU.ActiveCfg = Debug|Any CPU
		{00C454EA-0AA6-404A-B2E8-B22540205AC0}.Debug|Any CPU.Build.0 = Debug|Any CPU
		{00C454EA-0AA6-404A-B2E8-B22540205AC0}.Release|Any CPU.ActiveCfg = Release|Any CPU
		{00C454EA-0AA6-404A-B2E8-B22540205AC0}.Release|Any CPU.Build.0 = Release|Any CPU
		{2379CC8A-03E0-4E90-9DFD-22629E2C7245}.Debug|Any CPU.ActiveCfg = Debug|Any CPU
		{2379CC8A-03E0-4E90-9DFD-22629E2C7245}.Debug|Any CPU.Build.0 = Debug|Any CPU
		{2379CC8A-03E0-4E90-9DFD-22629E2C7245}.Release|Any CPU.ActiveCfg = Release|Any CPU
		{2379CC8A-03E0-4E90-9DFD-22629E2C7245}.Release|Any CPU.Build.0 = Release|Any CPU
		{63B495EE-40FA-4175-9B3A-D6B74849D04F}.Debug|Any CPU.ActiveCfg = Debug|Any CPU
		{63B495EE-40FA-4175-9B3A-D6B74849D04F}.Debug|Any CPU.Build.0 = Debug|Any CPU
		{63B495EE-40FA-4175-9B3A-D6B74849D04F}.Release|Any CPU.ActiveCfg = Release|Any CPU
		{63B495EE-40FA-4175-9B3A-D6B74849D04F}.Release|Any CPU.Build.0 = Release|Any CPU
		{9C1CBF29-4AF1-420E-A5E0-102FAEBC94D0}.Debug|Any CPU.ActiveCfg = Debug|Any CPU
		{9C1CBF29-4AF1-420E-A5E0-102FAEBC94D0}.Debug|Any CPU.Build.0 = Debug|Any CPU
		{9C1CBF29-4AF1-420E-A5E0-102FAEBC94D0}.Release|Any CPU.ActiveCfg = Release|Any CPU
		{9C1CBF29-4AF1-420E-A5E0-102FAEBC94D0}.Release|Any CPU.Build.0 = Release|Any CPU
		{9A7050A5-1714-412E-9001-C8E49970BFDB}.Debug|Any CPU.ActiveCfg = Debug|Any CPU
		{9A7050A5-1714-412E-9001-C8E49970BFDB}.Debug|Any CPU.Build.0 = Debug|Any CPU
		{9A7050A5-1714-412E-9001-C8E49970BFDB}.Release|Any CPU.ActiveCfg = Release|Any CPU
		{9A7050A5-1714-412E-9001-C8E49970BFDB}.Release|Any CPU.Build.0 = Release|Any CPU
		{18F80077-F921-436B-9C61-3FDB096EC951}.Debug|Any CPU.ActiveCfg = Debug|Any CPU
		{18F80077-F921-436B-9C61-3FDB096EC951}.Debug|Any CPU.Build.0 = Debug|Any CPU
		{18F80077-F921-436B-9C61-3FDB096EC951}.Release|Any CPU.ActiveCfg = Release|Any CPU
		{18F80077-F921-436B-9C61-3FDB096EC951}.Release|Any CPU.Build.0 = Release|Any CPU
		{02E66F72-D3F4-45F8-8D1A-67234E6200BB}.Debug|Any CPU.ActiveCfg = Debug|Any CPU
		{02E66F72-D3F4-45F8-8D1A-67234E6200BB}.Debug|Any CPU.Build.0 = Debug|Any CPU
		{02E66F72-D3F4-45F8-8D1A-67234E6200BB}.Release|Any CPU.ActiveCfg = Release|Any CPU
		{02E66F72-D3F4-45F8-8D1A-67234E6200BB}.Release|Any CPU.Build.0 = Release|Any CPU
		{09B2E331-CC73-4DDE-99D8-3FA21A810815}.Debug|Any CPU.ActiveCfg = Debug|Any CPU
		{09B2E331-CC73-4DDE-99D8-3FA21A810815}.Debug|Any CPU.Build.0 = Debug|Any CPU
		{09B2E331-CC73-4DDE-99D8-3FA21A810815}.Release|Any CPU.ActiveCfg = Release|Any CPU
		{09B2E331-CC73-4DDE-99D8-3FA21A810815}.Release|Any CPU.Build.0 = Release|Any CPU
		{92545C7E-C1CB-4B2D-B7CB-F8EB54CA4115}.Debug|Any CPU.ActiveCfg = Debug|Any CPU
		{92545C7E-C1CB-4B2D-B7CB-F8EB54CA4115}.Debug|Any CPU.Build.0 = Debug|Any CPU
		{92545C7E-C1CB-4B2D-B7CB-F8EB54CA4115}.Release|Any CPU.ActiveCfg = Release|Any CPU
		{92545C7E-C1CB-4B2D-B7CB-F8EB54CA4115}.Release|Any CPU.Build.0 = Release|Any CPU
		{87B6F7D9-9EAB-4B29-BD5B-211B63DC4240}.Debug|Any CPU.ActiveCfg = Debug|Any CPU
		{87B6F7D9-9EAB-4B29-BD5B-211B63DC4240}.Debug|Any CPU.Build.0 = Debug|Any CPU
		{87B6F7D9-9EAB-4B29-BD5B-211B63DC4240}.Release|Any CPU.ActiveCfg = Release|Any CPU
		{87B6F7D9-9EAB-4B29-BD5B-211B63DC4240}.Release|Any CPU.Build.0 = Release|Any CPU
		{EAD05B1C-5868-4143-86F0-EBC64AD3D998}.Debug|Any CPU.ActiveCfg = Debug|Any CPU
		{EAD05B1C-5868-4143-86F0-EBC64AD3D998}.Debug|Any CPU.Build.0 = Debug|Any CPU
		{EAD05B1C-5868-4143-86F0-EBC64AD3D998}.Release|Any CPU.ActiveCfg = Release|Any CPU
		{EAD05B1C-5868-4143-86F0-EBC64AD3D998}.Release|Any CPU.Build.0 = Release|Any CPU
		{CC36B847-980D-40CF-AF35-09111C1F614F}.Debug|Any CPU.ActiveCfg = Debug|Any CPU
		{CC36B847-980D-40CF-AF35-09111C1F614F}.Debug|Any CPU.Build.0 = Debug|Any CPU
		{CC36B847-980D-40CF-AF35-09111C1F614F}.Release|Any CPU.ActiveCfg = Release|Any CPU
		{CC36B847-980D-40CF-AF35-09111C1F614F}.Release|Any CPU.Build.0 = Release|Any CPU
		{5547CFE2-F7B0-454E-ADE6-49DB6646D760}.Debug|Any CPU.ActiveCfg = Debug|Any CPU
		{5547CFE2-F7B0-454E-ADE6-49DB6646D760}.Debug|Any CPU.Build.0 = Debug|Any CPU
		{5547CFE2-F7B0-454E-ADE6-49DB6646D760}.Release|Any CPU.ActiveCfg = Release|Any CPU
		{5547CFE2-F7B0-454E-ADE6-49DB6646D760}.Release|Any CPU.Build.0 = Release|Any CPU
		{3DEAFC9C-FFF3-4EC1-A6BD-EF319625E373}.Debug|Any CPU.ActiveCfg = Debug|Any CPU
		{3DEAFC9C-FFF3-4EC1-A6BD-EF319625E373}.Debug|Any CPU.Build.0 = Debug|Any CPU
		{3DEAFC9C-FFF3-4EC1-A6BD-EF319625E373}.Release|Any CPU.ActiveCfg = Release|Any CPU
		{3DEAFC9C-FFF3-4EC1-A6BD-EF319625E373}.Release|Any CPU.Build.0 = Release|Any CPU
		{516CBA97-3E2A-4668-A80A-2078CA3DF2A5}.Debug|Any CPU.ActiveCfg = Debug|Any CPU
		{516CBA97-3E2A-4668-A80A-2078CA3DF2A5}.Debug|Any CPU.Build.0 = Debug|Any CPU
		{516CBA97-3E2A-4668-A80A-2078CA3DF2A5}.Release|Any CPU.ActiveCfg = Release|Any CPU
		{516CBA97-3E2A-4668-A80A-2078CA3DF2A5}.Release|Any CPU.Build.0 = Release|Any CPU
		{D03A76BB-3C2F-4056-82D4-3C86C562A207}.Debug|Any CPU.ActiveCfg = Debug|Any CPU
		{D03A76BB-3C2F-4056-82D4-3C86C562A207}.Debug|Any CPU.Build.0 = Debug|Any CPU
		{D03A76BB-3C2F-4056-82D4-3C86C562A207}.Release|Any CPU.ActiveCfg = Release|Any CPU
		{D03A76BB-3C2F-4056-82D4-3C86C562A207}.Release|Any CPU.Build.0 = Release|Any CPU
		{C9826BE0-557B-4CE2-B138-F8C375416AF2}.Debug|Any CPU.ActiveCfg = Debug|Any CPU
		{C9826BE0-557B-4CE2-B138-F8C375416AF2}.Debug|Any CPU.Build.0 = Debug|Any CPU
		{C9826BE0-557B-4CE2-B138-F8C375416AF2}.Release|Any CPU.ActiveCfg = Release|Any CPU
		{C9826BE0-557B-4CE2-B138-F8C375416AF2}.Release|Any CPU.Build.0 = Release|Any CPU
		{748858FF-9F63-4203-882B-F8B659F9ED2A}.Debug|Any CPU.ActiveCfg = Debug|Any CPU
		{748858FF-9F63-4203-882B-F8B659F9ED2A}.Debug|Any CPU.Build.0 = Debug|Any CPU
		{748858FF-9F63-4203-882B-F8B659F9ED2A}.Release|Any CPU.ActiveCfg = Release|Any CPU
		{748858FF-9F63-4203-882B-F8B659F9ED2A}.Release|Any CPU.Build.0 = Release|Any CPU
		{8A9AD1BD-217C-46FF-AF79-31024FE40A6E}.Debug|Any CPU.ActiveCfg = Debug|Any CPU
		{8A9AD1BD-217C-46FF-AF79-31024FE40A6E}.Debug|Any CPU.Build.0 = Debug|Any CPU
		{8A9AD1BD-217C-46FF-AF79-31024FE40A6E}.Release|Any CPU.ActiveCfg = Release|Any CPU
		{8A9AD1BD-217C-46FF-AF79-31024FE40A6E}.Release|Any CPU.Build.0 = Release|Any CPU
		{47319CAA-034A-4072-B963-CFA92A4858BF}.Debug|Any CPU.ActiveCfg = Debug|Any CPU
		{47319CAA-034A-4072-B963-CFA92A4858BF}.Debug|Any CPU.Build.0 = Debug|Any CPU
		{47319CAA-034A-4072-B963-CFA92A4858BF}.Release|Any CPU.ActiveCfg = Release|Any CPU
		{47319CAA-034A-4072-B963-CFA92A4858BF}.Release|Any CPU.Build.0 = Release|Any CPU
		{C34DC0CE-FD98-4D32-AB88-0AAC69E88172}.Debug|Any CPU.ActiveCfg = Debug|Any CPU
		{C34DC0CE-FD98-4D32-AB88-0AAC69E88172}.Debug|Any CPU.Build.0 = Debug|Any CPU
		{C34DC0CE-FD98-4D32-AB88-0AAC69E88172}.Release|Any CPU.ActiveCfg = Release|Any CPU
		{C34DC0CE-FD98-4D32-AB88-0AAC69E88172}.Release|Any CPU.Build.0 = Release|Any CPU
		{E871B090-B9A4-465D-BC41-7B387521C0CB}.Debug|Any CPU.ActiveCfg = Debug|Any CPU
		{E871B090-B9A4-465D-BC41-7B387521C0CB}.Debug|Any CPU.Build.0 = Debug|Any CPU
		{E871B090-B9A4-465D-BC41-7B387521C0CB}.Release|Any CPU.ActiveCfg = Release|Any CPU
		{E871B090-B9A4-465D-BC41-7B387521C0CB}.Release|Any CPU.Build.0 = Release|Any CPU
		{555147A1-FEDF-4429-94E6-16A8210B80D1}.Debug|Any CPU.ActiveCfg = Debug|Any CPU
		{555147A1-FEDF-4429-94E6-16A8210B80D1}.Debug|Any CPU.Build.0 = Debug|Any CPU
		{555147A1-FEDF-4429-94E6-16A8210B80D1}.Release|Any CPU.ActiveCfg = Release|Any CPU
		{555147A1-FEDF-4429-94E6-16A8210B80D1}.Release|Any CPU.Build.0 = Release|Any CPU
		{6D4DADB4-4B4A-4B20-9F28-50D4AEECFAF3}.Debug|Any CPU.ActiveCfg = Debug|Any CPU
		{6D4DADB4-4B4A-4B20-9F28-50D4AEECFAF3}.Debug|Any CPU.Build.0 = Debug|Any CPU
		{6D4DADB4-4B4A-4B20-9F28-50D4AEECFAF3}.Release|Any CPU.ActiveCfg = Release|Any CPU
		{6D4DADB4-4B4A-4B20-9F28-50D4AEECFAF3}.Release|Any CPU.Build.0 = Release|Any CPU
		{63CF2FDA-0836-4C8F-8D85-E780A5349CCC}.Debug|Any CPU.ActiveCfg = Debug|Any CPU
		{63CF2FDA-0836-4C8F-8D85-E780A5349CCC}.Debug|Any CPU.Build.0 = Debug|Any CPU
		{63CF2FDA-0836-4C8F-8D85-E780A5349CCC}.Release|Any CPU.ActiveCfg = Release|Any CPU
		{63CF2FDA-0836-4C8F-8D85-E780A5349CCC}.Release|Any CPU.Build.0 = Release|Any CPU
		{50395E3F-998F-4F4E-B0C8-91D4C7D64926}.Debug|Any CPU.ActiveCfg = Debug|Any CPU
		{50395E3F-998F-4F4E-B0C8-91D4C7D64926}.Debug|Any CPU.Build.0 = Debug|Any CPU
		{50395E3F-998F-4F4E-B0C8-91D4C7D64926}.Release|Any CPU.ActiveCfg = Release|Any CPU
		{50395E3F-998F-4F4E-B0C8-91D4C7D64926}.Release|Any CPU.Build.0 = Release|Any CPU
		{0AB45B3D-7F16-428A-BB00-B56D285F1C36}.Debug|Any CPU.ActiveCfg = Debug|Any CPU
		{0AB45B3D-7F16-428A-BB00-B56D285F1C36}.Debug|Any CPU.Build.0 = Debug|Any CPU
		{0AB45B3D-7F16-428A-BB00-B56D285F1C36}.Release|Any CPU.ActiveCfg = Release|Any CPU
		{0AB45B3D-7F16-428A-BB00-B56D285F1C36}.Release|Any CPU.Build.0 = Release|Any CPU
		{418CB1DC-95AC-431D-93EA-FD7B216D9C91}.Debug|Any CPU.ActiveCfg = Debug|Any CPU
		{418CB1DC-95AC-431D-93EA-FD7B216D9C91}.Debug|Any CPU.Build.0 = Debug|Any CPU
		{418CB1DC-95AC-431D-93EA-FD7B216D9C91}.Release|Any CPU.ActiveCfg = Release|Any CPU
		{418CB1DC-95AC-431D-93EA-FD7B216D9C91}.Release|Any CPU.Build.0 = Release|Any CPU
		{709A70E1-5898-460A-A670-55FA4F15E2FA}.Debug|Any CPU.ActiveCfg = Debug|Any CPU
		{709A70E1-5898-460A-A670-55FA4F15E2FA}.Debug|Any CPU.Build.0 = Debug|Any CPU
		{709A70E1-5898-460A-A670-55FA4F15E2FA}.Release|Any CPU.ActiveCfg = Release|Any CPU
		{709A70E1-5898-460A-A670-55FA4F15E2FA}.Release|Any CPU.Build.0 = Release|Any CPU
		{5C09194A-B076-49E1-8F6C-6D0D6428E507}.Debug|Any CPU.ActiveCfg = Debug|Any CPU
		{5C09194A-B076-49E1-8F6C-6D0D6428E507}.Debug|Any CPU.Build.0 = Debug|Any CPU
		{5C09194A-B076-49E1-8F6C-6D0D6428E507}.Release|Any CPU.ActiveCfg = Release|Any CPU
		{5C09194A-B076-49E1-8F6C-6D0D6428E507}.Release|Any CPU.Build.0 = Release|Any CPU
		{D01DEAE1-1416-4E73-B8DA-FD7E8DA3C22D}.Debug|Any CPU.ActiveCfg = Debug|Any CPU
		{D01DEAE1-1416-4E73-B8DA-FD7E8DA3C22D}.Debug|Any CPU.Build.0 = Debug|Any CPU
		{D01DEAE1-1416-4E73-B8DA-FD7E8DA3C22D}.Release|Any CPU.ActiveCfg = Release|Any CPU
		{D01DEAE1-1416-4E73-B8DA-FD7E8DA3C22D}.Release|Any CPU.Build.0 = Release|Any CPU
		{99F689CD-31CE-4B87-8D34-697CE005DFAA}.Debug|Any CPU.ActiveCfg = Debug|Any CPU
		{99F689CD-31CE-4B87-8D34-697CE005DFAA}.Debug|Any CPU.Build.0 = Debug|Any CPU
		{99F689CD-31CE-4B87-8D34-697CE005DFAA}.Release|Any CPU.ActiveCfg = Release|Any CPU
		{99F689CD-31CE-4B87-8D34-697CE005DFAA}.Release|Any CPU.Build.0 = Release|Any CPU
		{D23C8B2E-FBE8-4171-BAA7-78EFB8B2FA0E}.Debug|Any CPU.ActiveCfg = Debug|Any CPU
		{D23C8B2E-FBE8-4171-BAA7-78EFB8B2FA0E}.Debug|Any CPU.Build.0 = Debug|Any CPU
		{D23C8B2E-FBE8-4171-BAA7-78EFB8B2FA0E}.Release|Any CPU.ActiveCfg = Release|Any CPU
		{D23C8B2E-FBE8-4171-BAA7-78EFB8B2FA0E}.Release|Any CPU.Build.0 = Release|Any CPU
		{AFFADAC5-CD75-4A51-BF15-E1BDFCA10BC4}.Debug|Any CPU.ActiveCfg = Debug|Any CPU
		{AFFADAC5-CD75-4A51-BF15-E1BDFCA10BC4}.Debug|Any CPU.Build.0 = Debug|Any CPU
		{AFFADAC5-CD75-4A51-BF15-E1BDFCA10BC4}.Release|Any CPU.ActiveCfg = Release|Any CPU
		{AFFADAC5-CD75-4A51-BF15-E1BDFCA10BC4}.Release|Any CPU.Build.0 = Release|Any CPU
		{73884788-3D19-4B84-9324-146EB1D5A492}.Debug|Any CPU.ActiveCfg = Debug|Any CPU
		{73884788-3D19-4B84-9324-146EB1D5A492}.Debug|Any CPU.Build.0 = Debug|Any CPU
		{73884788-3D19-4B84-9324-146EB1D5A492}.Release|Any CPU.ActiveCfg = Release|Any CPU
		{73884788-3D19-4B84-9324-146EB1D5A492}.Release|Any CPU.Build.0 = Release|Any CPU
		{34BB733D-8338-413F-93F1-E358BF4F9718}.Debug|Any CPU.ActiveCfg = Debug|Any CPU
		{34BB733D-8338-413F-93F1-E358BF4F9718}.Debug|Any CPU.Build.0 = Debug|Any CPU
		{34BB733D-8338-413F-93F1-E358BF4F9718}.Release|Any CPU.ActiveCfg = Release|Any CPU
		{34BB733D-8338-413F-93F1-E358BF4F9718}.Release|Any CPU.Build.0 = Release|Any CPU
		{3DC78D8F-14F7-46E8-80FF-B66A0AE2EEBC}.Debug|Any CPU.ActiveCfg = Debug|Any CPU
		{3DC78D8F-14F7-46E8-80FF-B66A0AE2EEBC}.Debug|Any CPU.Build.0 = Debug|Any CPU
		{3DC78D8F-14F7-46E8-80FF-B66A0AE2EEBC}.Release|Any CPU.ActiveCfg = Release|Any CPU
		{3DC78D8F-14F7-46E8-80FF-B66A0AE2EEBC}.Release|Any CPU.Build.0 = Release|Any CPU
		{D2A406AA-2373-4457-B140-0A10A11F7F38}.Debug|Any CPU.ActiveCfg = Debug|Any CPU
		{D2A406AA-2373-4457-B140-0A10A11F7F38}.Debug|Any CPU.Build.0 = Debug|Any CPU
		{D2A406AA-2373-4457-B140-0A10A11F7F38}.Release|Any CPU.ActiveCfg = Release|Any CPU
		{D2A406AA-2373-4457-B140-0A10A11F7F38}.Release|Any CPU.Build.0 = Release|Any CPU
		{7810BFEE-58AF-4A30-AB40-3BEAE649B709}.Debug|Any CPU.ActiveCfg = Debug|Any CPU
		{7810BFEE-58AF-4A30-AB40-3BEAE649B709}.Debug|Any CPU.Build.0 = Debug|Any CPU
		{7810BFEE-58AF-4A30-AB40-3BEAE649B709}.Release|Any CPU.ActiveCfg = Release|Any CPU
		{7810BFEE-58AF-4A30-AB40-3BEAE649B709}.Release|Any CPU.Build.0 = Release|Any CPU
		{CAB99158-2E34-46D9-A488-91AB54C55B0D}.Debug|Any CPU.ActiveCfg = Debug|Any CPU
		{CAB99158-2E34-46D9-A488-91AB54C55B0D}.Debug|Any CPU.Build.0 = Debug|Any CPU
		{CAB99158-2E34-46D9-A488-91AB54C55B0D}.Release|Any CPU.ActiveCfg = Release|Any CPU
		{CAB99158-2E34-46D9-A488-91AB54C55B0D}.Release|Any CPU.Build.0 = Release|Any CPU
		{E1F624BE-66F8-4921-A0F8-F60412AA2B7D}.Debug|Any CPU.ActiveCfg = Debug|Any CPU
		{E1F624BE-66F8-4921-A0F8-F60412AA2B7D}.Debug|Any CPU.Build.0 = Debug|Any CPU
		{E1F624BE-66F8-4921-A0F8-F60412AA2B7D}.Release|Any CPU.ActiveCfg = Release|Any CPU
		{E1F624BE-66F8-4921-A0F8-F60412AA2B7D}.Release|Any CPU.Build.0 = Release|Any CPU
		{D39D1647-DA7E-4B10-9D73-93EEA30500CE}.Debug|Any CPU.ActiveCfg = Debug|Any CPU
		{D39D1647-DA7E-4B10-9D73-93EEA30500CE}.Debug|Any CPU.Build.0 = Debug|Any CPU
		{D39D1647-DA7E-4B10-9D73-93EEA30500CE}.Release|Any CPU.ActiveCfg = Release|Any CPU
		{D39D1647-DA7E-4B10-9D73-93EEA30500CE}.Release|Any CPU.Build.0 = Release|Any CPU
		{C1415024-1AB5-4E8E-828A-3D81FB2EA2DD}.Debug|Any CPU.ActiveCfg = Debug|Any CPU
		{C1415024-1AB5-4E8E-828A-3D81FB2EA2DD}.Debug|Any CPU.Build.0 = Debug|Any CPU
		{C1415024-1AB5-4E8E-828A-3D81FB2EA2DD}.Release|Any CPU.ActiveCfg = Release|Any CPU
		{C1415024-1AB5-4E8E-828A-3D81FB2EA2DD}.Release|Any CPU.Build.0 = Release|Any CPU
		{7A51EB6E-B34C-48F6-A70E-FE601C02B885}.Debug|Any CPU.ActiveCfg = Debug|Any CPU
		{7A51EB6E-B34C-48F6-A70E-FE601C02B885}.Debug|Any CPU.Build.0 = Debug|Any CPU
		{7A51EB6E-B34C-48F6-A70E-FE601C02B885}.Release|Any CPU.ActiveCfg = Release|Any CPU
		{7A51EB6E-B34C-48F6-A70E-FE601C02B885}.Release|Any CPU.Build.0 = Release|Any CPU
		{99FE3DAB-0B68-4A08-A050-3F9858E9D06F}.Debug|Any CPU.ActiveCfg = Debug|Any CPU
		{99FE3DAB-0B68-4A08-A050-3F9858E9D06F}.Debug|Any CPU.Build.0 = Debug|Any CPU
		{99FE3DAB-0B68-4A08-A050-3F9858E9D06F}.Release|Any CPU.ActiveCfg = Release|Any CPU
		{99FE3DAB-0B68-4A08-A050-3F9858E9D06F}.Release|Any CPU.Build.0 = Release|Any CPU
		{9C0B8411-FFB6-4F4F-A8F0-2BE274AF33F1}.Debug|Any CPU.ActiveCfg = Debug|Any CPU
		{9C0B8411-FFB6-4F4F-A8F0-2BE274AF33F1}.Debug|Any CPU.Build.0 = Debug|Any CPU
		{9C0B8411-FFB6-4F4F-A8F0-2BE274AF33F1}.Release|Any CPU.ActiveCfg = Release|Any CPU
		{9C0B8411-FFB6-4F4F-A8F0-2BE274AF33F1}.Release|Any CPU.Build.0 = Release|Any CPU
		{C3C476B0-2A3E-437A-AA5A-63CCCDDDBBB9}.Debug|Any CPU.ActiveCfg = Debug|Any CPU
		{C3C476B0-2A3E-437A-AA5A-63CCCDDDBBB9}.Debug|Any CPU.Build.0 = Debug|Any CPU
		{C3C476B0-2A3E-437A-AA5A-63CCCDDDBBB9}.Release|Any CPU.ActiveCfg = Release|Any CPU
		{C3C476B0-2A3E-437A-AA5A-63CCCDDDBBB9}.Release|Any CPU.Build.0 = Release|Any CPU
		{1340C191-B147-4249-A241-A4949F575539}.Debug|Any CPU.ActiveCfg = Debug|Any CPU
		{1340C191-B147-4249-A241-A4949F575539}.Debug|Any CPU.Build.0 = Debug|Any CPU
		{1340C191-B147-4249-A241-A4949F575539}.Release|Any CPU.ActiveCfg = Release|Any CPU
		{1340C191-B147-4249-A241-A4949F575539}.Release|Any CPU.Build.0 = Release|Any CPU
		{7069E3FE-3E46-439F-98CD-2A36B5A3F66A}.Debug|Any CPU.ActiveCfg = Debug|Any CPU
		{7069E3FE-3E46-439F-98CD-2A36B5A3F66A}.Debug|Any CPU.Build.0 = Debug|Any CPU
		{7069E3FE-3E46-439F-98CD-2A36B5A3F66A}.Release|Any CPU.ActiveCfg = Release|Any CPU
		{7069E3FE-3E46-439F-98CD-2A36B5A3F66A}.Release|Any CPU.Build.0 = Release|Any CPU
		{2FD93485-1B53-49A4-A6CF-30BE81D38ECB}.Debug|Any CPU.ActiveCfg = Debug|Any CPU
		{2FD93485-1B53-49A4-A6CF-30BE81D38ECB}.Debug|Any CPU.Build.0 = Debug|Any CPU
		{2FD93485-1B53-49A4-A6CF-30BE81D38ECB}.Release|Any CPU.ActiveCfg = Release|Any CPU
		{2FD93485-1B53-49A4-A6CF-30BE81D38ECB}.Release|Any CPU.Build.0 = Release|Any CPU
		{1FF38B1B-9E31-475B-9AFE-3D2F79A2E9C3}.Debug|Any CPU.ActiveCfg = Debug|Any CPU
		{1FF38B1B-9E31-475B-9AFE-3D2F79A2E9C3}.Debug|Any CPU.Build.0 = Debug|Any CPU
		{1FF38B1B-9E31-475B-9AFE-3D2F79A2E9C3}.Release|Any CPU.ActiveCfg = Release|Any CPU
		{1FF38B1B-9E31-475B-9AFE-3D2F79A2E9C3}.Release|Any CPU.Build.0 = Release|Any CPU
		{007FBB0B-8E5C-401A-8985-F03B998ED4CC}.Debug|Any CPU.ActiveCfg = Debug|Any CPU
		{007FBB0B-8E5C-401A-8985-F03B998ED4CC}.Debug|Any CPU.Build.0 = Debug|Any CPU
		{007FBB0B-8E5C-401A-8985-F03B998ED4CC}.Release|Any CPU.ActiveCfg = Release|Any CPU
		{007FBB0B-8E5C-401A-8985-F03B998ED4CC}.Release|Any CPU.Build.0 = Release|Any CPU
		{FC0234D3-5595-40D9-8B30-5497B84CB192}.Debug|Any CPU.ActiveCfg = Debug|Any CPU
		{FC0234D3-5595-40D9-8B30-5497B84CB192}.Debug|Any CPU.Build.0 = Debug|Any CPU
		{FC0234D3-5595-40D9-8B30-5497B84CB192}.Release|Any CPU.ActiveCfg = Release|Any CPU
		{FC0234D3-5595-40D9-8B30-5497B84CB192}.Release|Any CPU.Build.0 = Release|Any CPU
		{1870262F-D02E-4B92-AE15-A88F3A2613BD}.Debug|Any CPU.ActiveCfg = Debug|Any CPU
		{1870262F-D02E-4B92-AE15-A88F3A2613BD}.Debug|Any CPU.Build.0 = Debug|Any CPU
		{1870262F-D02E-4B92-AE15-A88F3A2613BD}.Release|Any CPU.ActiveCfg = Release|Any CPU
		{1870262F-D02E-4B92-AE15-A88F3A2613BD}.Release|Any CPU.Build.0 = Release|Any CPU
	EndGlobalSection
	GlobalSection(SolutionProperties) = preSolution
		HideSolutionNode = FALSE
	EndGlobalSection
	GlobalSection(ExtensibilityGlobals) = postSolution
		SolutionGuid = {395FABEA-FEC9-4F29-A5BD-705001ABC0C3}
	EndGlobalSection
EndGlobal
