
Microsoft Visual Studio Solution File, Format Version 12.00
# Visual Studio 15
VisualStudioVersion = 15.0.27428.2015
MinimumVisualStudioVersion = 10.0.40219.1
Project("{FAE04EC0-301F-11D3-BF4B-00C04F79EFBC}") = "LongestCommonSubsequence", "LongestCommonSubsequence\LongestCommonSubsequence.csproj", "{194FDBB0-91C4-412C-936D-72439FFC5D40}"
EndProject
Project("{FAE04EC0-301F-11D3-BF4B-00C04F79EFBC}") = "QuadronacciRectangle", "QuadronacciRectangle\QuadronacciRectangle.csproj", "{34795259-CC04-407F-A98F-B37EDDB47129}"
EndProject
Project("{FAE04EC0-301F-11D3-BF4B-00C04F79EFBC}") = "DogeCoin", "DogeCoin\DogeCoin.csproj", "{07044F94-04F2-4079-9B67-566C56C72C1C}"
EndProject
Project("{FAE04EC0-301F-11D3-BF4B-00C04F79EFBC}") = "Food", "Food\Food.csproj", "{5BE7AB00-C5A3-4289-8C3E-832AD79338AC}"
EndProject
Project("{FAE04EC0-301F-11D3-BF4B-00C04F79EFBC}") = "BitTime", "BitTime\BitTime.csproj", "{A90D5F77-E609-4E94-9291-4B076564D53E}"
EndProject
Project("{FAE04EC0-301F-11D3-BF4B-00C04F79EFBC}") = "Stools", "Stools\Stools.csproj", "{C622358B-C521-440E-B469-FAD701F362BD}"
EndProject
Project("{FAE04EC0-301F-11D3-BF4B-00C04F79EFBC}") = "Ninja", "Ninja\Ninja.csproj", "{AC96E726-2D08-4C79-8E8A-75FCC55759C2}"
EndProject
Project("{FAE04EC0-301F-11D3-BF4B-00C04F79EFBC}") = "MoveForJoy", "MoveForJoy\MoveForJoy.csproj", "{C4C4E99D-E8B2-4AA9-ACA8-6C74509FD27B}"
EndProject
Project("{FAE04EC0-301F-11D3-BF4B-00C04F79EFBC}") = "Invasion", "Invasion\Invasion.csproj", "{C1E6E7E6-7309-45AC-83C5-C7E6505B5C52}"
EndProject
Global
	GlobalSection(SolutionConfigurationPlatforms) = preSolution
		Debug|Any CPU = Debug|Any CPU
		Release|Any CPU = Release|Any CPU
	EndGlobalSection
	GlobalSection(ProjectConfigurationPlatforms) = postSolution
		{194FDBB0-91C4-412C-936D-72439FFC5D40}.Debug|Any CPU.ActiveCfg = Debug|Any CPU
		{194FDBB0-91C4-412C-936D-72439FFC5D40}.Debug|Any CPU.Build.0 = Debug|Any CPU
		{194FDBB0-91C4-412C-936D-72439FFC5D40}.Release|Any CPU.ActiveCfg = Release|Any CPU
		{194FDBB0-91C4-412C-936D-72439FFC5D40}.Release|Any CPU.Build.0 = Release|Any CPU
		{34795259-CC04-407F-A98F-B37EDDB47129}.Debug|Any CPU.ActiveCfg = Debug|Any CPU
		{34795259-CC04-407F-A98F-B37EDDB47129}.Debug|Any CPU.Build.0 = Debug|Any CPU
		{34795259-CC04-407F-A98F-B37EDDB47129}.Release|Any CPU.ActiveCfg = Release|Any CPU
		{34795259-CC04-407F-A98F-B37EDDB47129}.Release|Any CPU.Build.0 = Release|Any CPU
		{07044F94-04F2-4079-9B67-566C56C72C1C}.Debug|Any CPU.ActiveCfg = Debug|Any CPU
		{07044F94-04F2-4079-9B67-566C56C72C1C}.Debug|Any CPU.Build.0 = Debug|Any CPU
		{07044F94-04F2-4079-9B67-566C56C72C1C}.Release|Any CPU.ActiveCfg = Release|Any CPU
		{07044F94-04F2-4079-9B67-566C56C72C1C}.Release|Any CPU.Build.0 = Release|Any CPU
		{5BE7AB00-C5A3-4289-8C3E-832AD79338AC}.Debug|Any CPU.ActiveCfg = Debug|Any CPU
		{5BE7AB00-C5A3-4289-8C3E-832AD79338AC}.Debug|Any CPU.Build.0 = Debug|Any CPU
		{5BE7AB00-C5A3-4289-8C3E-832AD79338AC}.Release|Any CPU.ActiveCfg = Release|Any CPU
		{5BE7AB00-C5A3-4289-8C3E-832AD79338AC}.Release|Any CPU.Build.0 = Release|Any CPU
		{A90D5F77-E609-4E94-9291-4B076564D53E}.Debug|Any CPU.ActiveCfg = Debug|Any CPU
		{A90D5F77-E609-4E94-9291-4B076564D53E}.Debug|Any CPU.Build.0 = Debug|Any CPU
		{A90D5F77-E609-4E94-9291-4B076564D53E}.Release|Any CPU.ActiveCfg = Release|Any CPU
		{A90D5F77-E609-4E94-9291-4B076564D53E}.Release|Any CPU.Build.0 = Release|Any CPU
		{C622358B-C521-440E-B469-FAD701F362BD}.Debug|Any CPU.ActiveCfg = Debug|Any CPU
		{C622358B-C521-440E-B469-FAD701F362BD}.Debug|Any CPU.Build.0 = Debug|Any CPU
		{C622358B-C521-440E-B469-FAD701F362BD}.Release|Any CPU.ActiveCfg = Release|Any CPU
		{C622358B-C521-440E-B469-FAD701F362BD}.Release|Any CPU.Build.0 = Release|Any CPU
		{AC96E726-2D08-4C79-8E8A-75FCC55759C2}.Debug|Any CPU.ActiveCfg = Debug|Any CPU
		{AC96E726-2D08-4C79-8E8A-75FCC55759C2}.Debug|Any CPU.Build.0 = Debug|Any CPU
		{AC96E726-2D08-4C79-8E8A-75FCC55759C2}.Release|Any CPU.ActiveCfg = Release|Any CPU
		{AC96E726-2D08-4C79-8E8A-75FCC55759C2}.Release|Any CPU.Build.0 = Release|Any CPU
		{C4C4E99D-E8B2-4AA9-ACA8-6C74509FD27B}.Debug|Any CPU.ActiveCfg = Debug|Any CPU
		{C4C4E99D-E8B2-4AA9-ACA8-6C74509FD27B}.Debug|Any CPU.Build.0 = Debug|Any CPU
		{C4C4E99D-E8B2-4AA9-ACA8-6C74509FD27B}.Release|Any CPU.ActiveCfg = Release|Any CPU
		{C4C4E99D-E8B2-4AA9-ACA8-6C74509FD27B}.Release|Any CPU.Build.0 = Release|Any CPU
		{C1E6E7E6-7309-45AC-83C5-C7E6505B5C52}.Debug|Any CPU.ActiveCfg = Debug|Any CPU
		{C1E6E7E6-7309-45AC-83C5-C7E6505B5C52}.Debug|Any CPU.Build.0 = Debug|Any CPU
		{C1E6E7E6-7309-45AC-83C5-C7E6505B5C52}.Release|Any CPU.ActiveCfg = Release|Any CPU
		{C1E6E7E6-7309-45AC-83C5-C7E6505B5C52}.Release|Any CPU.Build.0 = Release|Any CPU
	EndGlobalSection
	GlobalSection(SolutionProperties) = preSolution
		HideSolutionNode = FALSE
	EndGlobalSection
	GlobalSection(ExtensibilityGlobals) = postSolution
		SolutionGuid = {6782F932-AE48-438C-98B0-C489F4BB18A4}
	EndGlobalSection
EndGlobal
