
Microsoft Visual Studio Solution File, Format Version 12.00
# Visual Studio 15
VisualStudioVersion = 15.0.27428.2015
MinimumVisualStudioVersion = 10.0.40219.1
Project("{FAE04EC0-301F-11D3-BF4B-00C04F79EFBC}") = "FillTheMatrix", "FillTheMatrix\FillTheMatrix.csproj", "{9B092C94-CFFB-4897-883B-A2D434C2C7AA}"
EndProject
Project("{FAE04EC0-301F-11D3-BF4B-00C04F79EFBC}") = "MaximalSum", "MaximalSum\MaximalSum.csproj", "{15EA1434-AF3C-48C9-A52D-3564534E1046}"
EndProject
Project("{FAE04EC0-301F-11D3-BF4B-00C04F79EFBC}") = "SequenceInMatrix", "SequenceInMatrix\SequenceInMatrix.csproj", "{61862455-B0BC-4016-8460-97200D354AE7}"
EndProject
Project("{FAE04EC0-301F-11D3-BF4B-00C04F79EFBC}") = "BinarySearch", "BinarySearch\BinarySearch.csproj", "{D6CE514D-3C1F-4280-AA60-E37F34999ACE}"
EndProject
Project("{FAE04EC0-301F-11D3-BF4B-00C04F79EFBC}") = "SortByStringLength", "SortByStringLength\SortByStringLength.csproj", "{A607B1F1-6081-4205-9A30-974A7696EB79}"
EndProject
Project("{FAE04EC0-301F-11D3-BF4B-00C04F79EFBC}") = "MatrixClass", "MatrixClass\MatrixClass.csproj", "{7A2E2221-E0F0-49EF-B0B7-2B6746F81348}"
EndProject
Project("{FAE04EC0-301F-11D3-BF4B-00C04F79EFBC}") = "LargestAreaInMatrix", "LargestAreaInMatrix\LargestAreaInMatrix.csproj", "{7CD19F61-28F9-4179-9EE0-10AC3ED00EE8}"
EndProject
Project("{FAE04EC0-301F-11D3-BF4B-00C04F79EFBC}") = "4.MaxPlatform", "4.MaxPlatform\4.MaxPlatform.csproj", "{313944B5-A1D3-416C-AC5F-2541950AB116}"
EndProject
Project("{FAE04EC0-301F-11D3-BF4B-00C04F79EFBC}") = "5.PascalTriangle", "5.PascalTriangle\5.PascalTriangle.csproj", "{6F72C283-C7BB-4AE9-B897-C85C3419F37C}"
EndProject
Project("{FAE04EC0-301F-11D3-BF4B-00C04F79EFBC}") = "1.GroupByDevision", "1.GroupByDevision\1.GroupByDevision.csproj", "{3053AA9A-B2A7-4669-808C-80EF2712A04B}"
EndProject
Project("{FAE04EC0-301F-11D3-BF4B-00C04F79EFBC}") = "2.RightRotation", "2.RightRotation\2.RightRotation.csproj", "{6BFE3ADC-DED8-4874-8B29-9CE49026E9D1}"
EndProject
Project("{FAE04EC0-301F-11D3-BF4B-00C04F79EFBC}") = "3.Cube", "3.Cube\3.Cube.csproj", "{833329A5-77C4-47C8-8E50-39FF332365D2}"
EndProject
Project("{FAE04EC0-301F-11D3-BF4B-00C04F79EFBC}") = "FromBookDoubleMatrixC", "FromBookDoubleMatrixC\FromBookDoubleMatrixC.csproj", "{95211A2A-61E4-48D9-8F99-0DCA36346554}"
EndProject
Project("{FAE04EC0-301F-11D3-BF4B-00C04F79EFBC}") = "6.Parking", "6.Parking\6.Parking.csproj", "{6C5FA4A2-6781-45C4-9120-CB0C4811A304}"
EndProject
Project("{FAE04EC0-301F-11D3-BF4B-00C04F79EFBC}") = "7.Exam", "7.Exam\7.Exam.csproj", "{37B2270D-C1A2-4867-BC6B-F52F0A4B07E3}"
EndProject
Global
	GlobalSection(SolutionConfigurationPlatforms) = preSolution
		Debug|Any CPU = Debug|Any CPU
		Release|Any CPU = Release|Any CPU
	EndGlobalSection
	GlobalSection(ProjectConfigurationPlatforms) = postSolution
		{9B092C94-CFFB-4897-883B-A2D434C2C7AA}.Debug|Any CPU.ActiveCfg = Debug|Any CPU
		{9B092C94-CFFB-4897-883B-A2D434C2C7AA}.Debug|Any CPU.Build.0 = Debug|Any CPU
		{9B092C94-CFFB-4897-883B-A2D434C2C7AA}.Release|Any CPU.ActiveCfg = Release|Any CPU
		{9B092C94-CFFB-4897-883B-A2D434C2C7AA}.Release|Any CPU.Build.0 = Release|Any CPU
		{15EA1434-AF3C-48C9-A52D-3564534E1046}.Debug|Any CPU.ActiveCfg = Debug|Any CPU
		{15EA1434-AF3C-48C9-A52D-3564534E1046}.Debug|Any CPU.Build.0 = Debug|Any CPU
		{15EA1434-AF3C-48C9-A52D-3564534E1046}.Release|Any CPU.ActiveCfg = Release|Any CPU
		{15EA1434-AF3C-48C9-A52D-3564534E1046}.Release|Any CPU.Build.0 = Release|Any CPU
		{61862455-B0BC-4016-8460-97200D354AE7}.Debug|Any CPU.ActiveCfg = Debug|Any CPU
		{61862455-B0BC-4016-8460-97200D354AE7}.Debug|Any CPU.Build.0 = Debug|Any CPU
		{61862455-B0BC-4016-8460-97200D354AE7}.Release|Any CPU.ActiveCfg = Release|Any CPU
		{61862455-B0BC-4016-8460-97200D354AE7}.Release|Any CPU.Build.0 = Release|Any CPU
		{D6CE514D-3C1F-4280-AA60-E37F34999ACE}.Debug|Any CPU.ActiveCfg = Debug|Any CPU
		{D6CE514D-3C1F-4280-AA60-E37F34999ACE}.Debug|Any CPU.Build.0 = Debug|Any CPU
		{D6CE514D-3C1F-4280-AA60-E37F34999ACE}.Release|Any CPU.ActiveCfg = Release|Any CPU
		{D6CE514D-3C1F-4280-AA60-E37F34999ACE}.Release|Any CPU.Build.0 = Release|Any CPU
		{A607B1F1-6081-4205-9A30-974A7696EB79}.Debug|Any CPU.ActiveCfg = Debug|Any CPU
		{A607B1F1-6081-4205-9A30-974A7696EB79}.Debug|Any CPU.Build.0 = Debug|Any CPU
		{A607B1F1-6081-4205-9A30-974A7696EB79}.Release|Any CPU.ActiveCfg = Release|Any CPU
		{A607B1F1-6081-4205-9A30-974A7696EB79}.Release|Any CPU.Build.0 = Release|Any CPU
		{7A2E2221-E0F0-49EF-B0B7-2B6746F81348}.Debug|Any CPU.ActiveCfg = Debug|Any CPU
		{7A2E2221-E0F0-49EF-B0B7-2B6746F81348}.Debug|Any CPU.Build.0 = Debug|Any CPU
		{7A2E2221-E0F0-49EF-B0B7-2B6746F81348}.Release|Any CPU.ActiveCfg = Release|Any CPU
		{7A2E2221-E0F0-49EF-B0B7-2B6746F81348}.Release|Any CPU.Build.0 = Release|Any CPU
		{7CD19F61-28F9-4179-9EE0-10AC3ED00EE8}.Debug|Any CPU.ActiveCfg = Debug|Any CPU
		{7CD19F61-28F9-4179-9EE0-10AC3ED00EE8}.Debug|Any CPU.Build.0 = Debug|Any CPU
		{7CD19F61-28F9-4179-9EE0-10AC3ED00EE8}.Release|Any CPU.ActiveCfg = Release|Any CPU
		{7CD19F61-28F9-4179-9EE0-10AC3ED00EE8}.Release|Any CPU.Build.0 = Release|Any CPU
		{313944B5-A1D3-416C-AC5F-2541950AB116}.Debug|Any CPU.ActiveCfg = Debug|Any CPU
		{313944B5-A1D3-416C-AC5F-2541950AB116}.Debug|Any CPU.Build.0 = Debug|Any CPU
		{313944B5-A1D3-416C-AC5F-2541950AB116}.Release|Any CPU.ActiveCfg = Release|Any CPU
		{313944B5-A1D3-416C-AC5F-2541950AB116}.Release|Any CPU.Build.0 = Release|Any CPU
		{6F72C283-C7BB-4AE9-B897-C85C3419F37C}.Debug|Any CPU.ActiveCfg = Debug|Any CPU
		{6F72C283-C7BB-4AE9-B897-C85C3419F37C}.Debug|Any CPU.Build.0 = Debug|Any CPU
		{6F72C283-C7BB-4AE9-B897-C85C3419F37C}.Release|Any CPU.ActiveCfg = Release|Any CPU
		{6F72C283-C7BB-4AE9-B897-C85C3419F37C}.Release|Any CPU.Build.0 = Release|Any CPU
		{3053AA9A-B2A7-4669-808C-80EF2712A04B}.Debug|Any CPU.ActiveCfg = Debug|Any CPU
		{3053AA9A-B2A7-4669-808C-80EF2712A04B}.Debug|Any CPU.Build.0 = Debug|Any CPU
		{3053AA9A-B2A7-4669-808C-80EF2712A04B}.Release|Any CPU.ActiveCfg = Release|Any CPU
		{3053AA9A-B2A7-4669-808C-80EF2712A04B}.Release|Any CPU.Build.0 = Release|Any CPU
		{6BFE3ADC-DED8-4874-8B29-9CE49026E9D1}.Debug|Any CPU.ActiveCfg = Debug|Any CPU
		{6BFE3ADC-DED8-4874-8B29-9CE49026E9D1}.Debug|Any CPU.Build.0 = Debug|Any CPU
		{6BFE3ADC-DED8-4874-8B29-9CE49026E9D1}.Release|Any CPU.ActiveCfg = Release|Any CPU
		{6BFE3ADC-DED8-4874-8B29-9CE49026E9D1}.Release|Any CPU.Build.0 = Release|Any CPU
		{833329A5-77C4-47C8-8E50-39FF332365D2}.Debug|Any CPU.ActiveCfg = Debug|Any CPU
		{833329A5-77C4-47C8-8E50-39FF332365D2}.Debug|Any CPU.Build.0 = Debug|Any CPU
		{833329A5-77C4-47C8-8E50-39FF332365D2}.Release|Any CPU.ActiveCfg = Release|Any CPU
		{833329A5-77C4-47C8-8E50-39FF332365D2}.Release|Any CPU.Build.0 = Release|Any CPU
		{95211A2A-61E4-48D9-8F99-0DCA36346554}.Debug|Any CPU.ActiveCfg = Debug|Any CPU
		{95211A2A-61E4-48D9-8F99-0DCA36346554}.Debug|Any CPU.Build.0 = Debug|Any CPU
		{95211A2A-61E4-48D9-8F99-0DCA36346554}.Release|Any CPU.ActiveCfg = Release|Any CPU
		{95211A2A-61E4-48D9-8F99-0DCA36346554}.Release|Any CPU.Build.0 = Release|Any CPU
		{6C5FA4A2-6781-45C4-9120-CB0C4811A304}.Debug|Any CPU.ActiveCfg = Debug|Any CPU
		{6C5FA4A2-6781-45C4-9120-CB0C4811A304}.Debug|Any CPU.Build.0 = Debug|Any CPU
		{6C5FA4A2-6781-45C4-9120-CB0C4811A304}.Release|Any CPU.ActiveCfg = Release|Any CPU
		{6C5FA4A2-6781-45C4-9120-CB0C4811A304}.Release|Any CPU.Build.0 = Release|Any CPU
		{37B2270D-C1A2-4867-BC6B-F52F0A4B07E3}.Debug|Any CPU.ActiveCfg = Debug|Any CPU
		{37B2270D-C1A2-4867-BC6B-F52F0A4B07E3}.Debug|Any CPU.Build.0 = Debug|Any CPU
		{37B2270D-C1A2-4867-BC6B-F52F0A4B07E3}.Release|Any CPU.ActiveCfg = Release|Any CPU
		{37B2270D-C1A2-4867-BC6B-F52F0A4B07E3}.Release|Any CPU.Build.0 = Release|Any CPU
	EndGlobalSection
	GlobalSection(SolutionProperties) = preSolution
		HideSolutionNode = FALSE
	EndGlobalSection
	GlobalSection(ExtensibilityGlobals) = postSolution
		SolutionGuid = {5BCB2E1D-6BEB-4549-9D74-B7B14FDE1FD1}
	EndGlobalSection
EndGlobal
