
Microsoft Visual Studio Solution File, Format Version 12.00
# Visual Studio 15
VisualStudioVersion = 15.0.28307.136
MinimumVisualStudioVersion = 10.0.40219.1
Project("{FAE04EC0-301F-11D3-BF4B-00C04F79EFBC}") = "Invest.Service", "WindowsService\Invest.Service.csproj", "{0D734892-7B9D-4B0F-87FB-B6E7285EC9C0}"
EndProject
Global
	GlobalSection(SolutionConfigurationPlatforms) = preSolution
		Debug|Any CPU = Debug|Any CPU
		Release|Any CPU = Release|Any CPU
	EndGlobalSection
	GlobalSection(ProjectConfigurationPlatforms) = postSolution
		{0D734892-7B9D-4B0F-87FB-B6E7285EC9C0}.Debug|Any CPU.ActiveCfg = Debug|Any CPU
		{0D734892-7B9D-4B0F-87FB-B6E7285EC9C0}.Debug|Any CPU.Build.0 = Debug|Any CPU
		{0D734892-7B9D-4B0F-87FB-B6E7285EC9C0}.Release|Any CPU.ActiveCfg = Release|Any CPU
		{0D734892-7B9D-4B0F-87FB-B6E7285EC9C0}.Release|Any CPU.Build.0 = Release|Any CPU
	EndGlobalSection
	GlobalSection(SolutionProperties) = preSolution
		HideSolutionNode = FALSE
	EndGlobalSection
	GlobalSection(ExtensibilityGlobals) = postSolution
		SolutionGuid = {A15EC92E-9F07-4667-8C9D-45FD63DC7C33}
	EndGlobalSection
EndGlobal
