
Microsoft Visual Studio Solution File, Format Version 12.00
# Visual Studio 15
VisualStudioVersion = 15.0.27004.2009
MinimumVisualStudioVersion = 10.0.40219.1
Project("{FAE04EC0-301F-11D3-BF4B-00C04F79EFBC}") = "RhombusOfStars", "RhombusOfStars\RhombusOfStars.csproj", "{CB0F40E2-D6D1-4E22-AB14-A8164BBDE9AB}"
EndProject
Project("{FAE04EC0-301F-11D3-BF4B-00C04F79EFBC}") = "ChristmasTree", "ChristmasTree\ChristmasTree.csproj", "{370EFD84-15E0-4EED-A84C-5E32393C1979}"
EndProject
Project("{FAE04EC0-301F-11D3-BF4B-00C04F79EFBC}") = "Glasses", "Glasses\Glasses.csproj", "{4A17475C-8C75-4964-BA05-C65B26538846}"
EndProject
Project("{FAE04EC0-301F-11D3-BF4B-00C04F79EFBC}") = "House", "House\House.csproj", "{587F1C5A-D0E2-4274-B3FA-91D0FC0EE893}"
EndProject
Project("{FAE04EC0-301F-11D3-BF4B-00C04F79EFBC}") = "Diamond", "Diamond\Diamond.csproj", "{7905AC2B-524E-4AC2-A326-3AF67742F36B}"
EndProject
Project("{FAE04EC0-301F-11D3-BF4B-00C04F79EFBC}") = "Fortress", "Fortress\Fortress.csproj", "{9DC2B8E0-046C-4547-ABD7-56449B170A0F}"
EndProject
Project("{FAE04EC0-301F-11D3-BF4B-00C04F79EFBC}") = "Butterfly", "Butterfly\Butterfly.csproj", "{38B133C7-856B-4B65-9036-B06B528B497E}"
EndProject
Project("{FAE04EC0-301F-11D3-BF4B-00C04F79EFBC}") = "Stop", "Stop\Stop.csproj", "{FD34D9C3-7661-40E7-AF35-49EF02246CB8}"
EndProject
Project("{FAE04EC0-301F-11D3-BF4B-00C04F79EFBC}") = "Arrow", "Arrow\Arrow.csproj", "{77DF8715-5AE9-4393-83F1-9D13E5AEE1BB}"
EndProject
Project("{FAE04EC0-301F-11D3-BF4B-00C04F79EFBC}") = "Axe", "Axe\Axe.csproj", "{EB2EB364-BE4A-4247-9082-191D282F6CD9}"
EndProject
Project("{FAE04EC0-301F-11D3-BF4B-00C04F79EFBC}") = "ForDeleting", "ForDeleting\ForDeleting.csproj", "{0E11B771-FF4A-429B-85F6-52AAD3014707}"
EndProject
Project("{FAE04EC0-301F-11D3-BF4B-00C04F79EFBC}") = "StupidPasswords", "StupidPasswords\StupidPasswords.csproj", "{59C730DA-29C4-4298-B0F9-A7A25A34FC12}"
EndProject
Project("{FAE04EC0-301F-11D3-BF4B-00C04F79EFBC}") = "MagicNumbers", "MagicNumbers\MagicNumbers.csproj", "{FC6EDD73-B99D-487D-A5C0-6CFDD755457B}"
EndProject
Project("{FAE04EC0-301F-11D3-BF4B-00C04F79EFBC}") = "StopNumber", "StopNumber\StopNumber.csproj", "{D526C85E-63E1-416A-84E9-BA649D3F1B8F}"
EndProject
Project("{FAE04EC0-301F-11D3-BF4B-00C04F79EFBC}") = "SpcialNumbers", "SpcialNumbers\SpcialNumbers.csproj", "{92C25EC2-88C9-4569-A93E-B7AA21281D8B}"
EndProject
Project("{FAE04EC0-301F-11D3-BF4B-00C04F79EFBC}") = "Digits", "Digits\Digits.csproj", "{E78306FF-8828-47C1-B83F-C626AECB0426}"
EndProject
Project("{FAE04EC0-301F-11D3-BF4B-00C04F79EFBC}") = "Area", "Area\Area.csproj", "{FBDBA72B-9186-4B9D-B13E-B718105DC494}"
EndProject
Project("{FAE04EC0-301F-11D3-BF4B-00C04F79EFBC}") = "Bricks", "Bricks\Bricks.csproj", "{830706B1-5451-476D-AA07-5385E6E4A269}"
EndProject
Project("{FAE04EC0-301F-11D3-BF4B-00C04F79EFBC}") = "PointOnSegment", "PointOnSegment\PointOnSegment.csproj", "{4D403FE9-8184-48BE-805F-10E757B20CF0}"
EndProject
Project("{FAE04EC0-301F-11D3-BF4B-00C04F79EFBC}") = "PointInFigure", "PointInFigure\PointInFigure.csproj", "{0E72A790-7CFF-4365-BAE6-5BEE1430AA02}"
EndProject
Project("{FAE04EC0-301F-11D3-BF4B-00C04F79EFBC}") = "DateAfter5Days", "DateAfter5Days\DateAfter5Days.csproj", "{76C3A92E-FC40-44FA-9030-B826B1CA7380}"
EndProject
Project("{FAE04EC0-301F-11D3-BF4B-00C04F79EFBC}") = "sumOf3Numbers", "sumOf3Numbers\sumOf3Numbers.csproj", "{CB7B2FB2-5157-4440-B4EB-F16D80D47523}"
EndProject
Project("{FAE04EC0-301F-11D3-BF4B-00C04F79EFBC}") = "SumsStep3", "SumsStep3\SumsStep3.csproj", "{EA1D540A-A549-4777-AFDA-D1D8D5A2F567}"
EndProject
Project("{FAE04EC0-301F-11D3-BF4B-00C04F79EFBC}") = "IncreasingElements", "IncreasingElements\IncreasingElements.csproj", "{FE61A656-6E5A-4605-BA8D-C3E85503A113}"
EndProject
Project("{FAE04EC0-301F-11D3-BF4B-00C04F79EFBC}") = "PerfectDiamond", "PerfectDiamond\PerfectDiamond.csproj", "{883016A2-C02E-44EF-BCFC-E38C73D6A0B7}"
EndProject
Project("{FAE04EC0-301F-11D3-BF4B-00C04F79EFBC}") = "RectangleWithStars", "RectangleWithStars\RectangleWithStars.csproj", "{2993EB51-0C87-4D89-A121-BD24590DCBFF}"
EndProject
Project("{FAE04EC0-301F-11D3-BF4B-00C04F79EFBC}") = "Increasing4Numbers", "Increasing4Numbers\Increasing4Numbers.csproj", "{48367594-8DDC-4E65-A91E-64AD80F21598}"
EndProject
Project("{FAE04EC0-301F-11D3-BF4B-00C04F79EFBC}") = "GenerateRectangles", "GenerateRectangles\GenerateRectangles.csproj", "{CC519C51-2FCA-40B3-952D-CB205E1494A1}"
EndProject
Project("{FAE04EC0-301F-11D3-BF4B-00C04F79EFBC}") = "Distance", "dISTANCE\Distance.csproj", "{E085603A-4EB0-49BB-B428-BE89AE7D363C}"
EndProject
Project("{FAE04EC0-301F-11D3-BF4B-00C04F79EFBC}") = "ChangeTiles", "ChangeTiles\ChangeTiles.csproj", "{1E73331B-F42E-4252-BB77-7708672FA8AF}"
EndProject
Project("{FAE04EC0-301F-11D3-BF4B-00C04F79EFBC}") = "Flowers", "Flowers\Flowers.csproj", "{B4CD76ED-FFDD-4A76-A517-5D6F383D2897}"
EndProject
Project("{FAE04EC0-301F-11D3-BF4B-00C04F79EFBC}") = "Grades", "Grades\Grades.csproj", "{9CD5362F-A6BF-4CE8-8928-627ADDB8C04C}"
EndProject
Project("{FAE04EC0-301F-11D3-BF4B-00C04F79EFBC}") = "ChristmasHat", "ChristmasHat\ChristmasHat.csproj", "{3897D795-627F-4CE1-9EF8-395EB1BD731F}"
EndProject
Project("{FAE04EC0-301F-11D3-BF4B-00C04F79EFBC}") = "LettersCombinations", "LettersCombinations\LettersCombinations.csproj", "{621CB489-EDD2-455F-865F-F02CF89ECA22}"
EndProject
Project("{FAE04EC0-301F-11D3-BF4B-00C04F79EFBC}") = "CrossingSequences", "CrossingSequences\CrossingSequences.csproj", "{2F932CEE-68F0-410D-A846-49E76A14928F}"
EndProject
Project("{FAE04EC0-301F-11D3-BF4B-00C04F79EFBC}") = "MagicDates", "MagicDates\MagicDates.csproj", "{C238C612-6F58-40CF-9D4C-9F03084C52C3}"
EndProject
Project("{FAE04EC0-301F-11D3-BF4B-00C04F79EFBC}") = "FiveSpecialLetters", "FiveSpecialLetters\FiveSpecialLetters.csproj", "{6FE32A3D-5ECD-4C54-B64D-57BA8EA9C82E}"
EndProject
Project("{FAE04EC0-301F-11D3-BF4B-00C04F79EFBC}") = "PassionDays", "PassionDays\PassionDays.csproj", "{385FA4B9-6EC9-483B-9E75-CF7309816287}"
EndProject
Project("{FAE04EC0-301F-11D3-BF4B-00C04F79EFBC}") = "X Expression", "X Expression\X Expression.csproj", "{48649F84-7236-4001-887F-7E844108CA50}"
EndProject
Project("{FAE04EC0-301F-11D3-BF4B-00C04F79EFBC}") = "BullsAndCows", "BullsAndCows\BullsAndCows.csproj", "{D475C478-6BDF-4B41-B176-42F8F1F1CD8A}"
EndProject
Project("{FAE04EC0-301F-11D3-BF4B-00C04F79EFBC}") = "Histogram", "Histogram\Histogram.csproj", "{4CE10AF5-A6DF-4484-94B5-D71652899769}"
EndProject
Project("{FAE04EC0-301F-11D3-BF4B-00C04F79EFBC}") = "SmartLilly", "SmartLilly\SmartLilly.csproj", "{DDB9E56E-6999-4161-92CF-B5B3C51E69ED}"
EndProject
Project("{FAE04EC0-301F-11D3-BF4B-00C04F79EFBC}") = "BackToThePast", "BackToThePast\BackToThePast.csproj", "{12C2B6F5-A898-4832-AA23-604AD3BF8C14}"
EndProject
Project("{FAE04EC0-301F-11D3-BF4B-00C04F79EFBC}") = "Hospital", "Hospital\Hospital.csproj", "{AD76B9E5-CC00-4BB1-BD56-576C98FAD44E}"
EndProject
Project("{FAE04EC0-301F-11D3-BF4B-00C04F79EFBC}") = "Division", "Division\Division.csproj", "{8F5EA84C-1250-438F-93EA-C9AB495D6496}"
EndProject
Project("{FAE04EC0-301F-11D3-BF4B-00C04F79EFBC}") = "Logistics", "Logistics\Logistics.csproj", "{95B9EAB1-D106-475F-8433-D6A1B8F5233F}"
EndProject
Project("{FAE04EC0-301F-11D3-BF4B-00C04F79EFBC}") = "NumberTable", "NumberTable\NumberTable.csproj", "{2CD7F233-9489-4A35-8FE4-911BFA144BFC}"
EndProject
Global
	GlobalSection(SolutionConfigurationPlatforms) = preSolution
		Debug|Any CPU = Debug|Any CPU
		Release|Any CPU = Release|Any CPU
	EndGlobalSection
	GlobalSection(ProjectConfigurationPlatforms) = postSolution
		{CB0F40E2-D6D1-4E22-AB14-A8164BBDE9AB}.Debug|Any CPU.ActiveCfg = Debug|Any CPU
		{CB0F40E2-D6D1-4E22-AB14-A8164BBDE9AB}.Debug|Any CPU.Build.0 = Debug|Any CPU
		{CB0F40E2-D6D1-4E22-AB14-A8164BBDE9AB}.Release|Any CPU.ActiveCfg = Release|Any CPU
		{CB0F40E2-D6D1-4E22-AB14-A8164BBDE9AB}.Release|Any CPU.Build.0 = Release|Any CPU
		{370EFD84-15E0-4EED-A84C-5E32393C1979}.Debug|Any CPU.ActiveCfg = Debug|Any CPU
		{370EFD84-15E0-4EED-A84C-5E32393C1979}.Debug|Any CPU.Build.0 = Debug|Any CPU
		{370EFD84-15E0-4EED-A84C-5E32393C1979}.Release|Any CPU.ActiveCfg = Release|Any CPU
		{370EFD84-15E0-4EED-A84C-5E32393C1979}.Release|Any CPU.Build.0 = Release|Any CPU
		{4A17475C-8C75-4964-BA05-C65B26538846}.Debug|Any CPU.ActiveCfg = Debug|Any CPU
		{4A17475C-8C75-4964-BA05-C65B26538846}.Debug|Any CPU.Build.0 = Debug|Any CPU
		{4A17475C-8C75-4964-BA05-C65B26538846}.Release|Any CPU.ActiveCfg = Release|Any CPU
		{4A17475C-8C75-4964-BA05-C65B26538846}.Release|Any CPU.Build.0 = Release|Any CPU
		{587F1C5A-D0E2-4274-B3FA-91D0FC0EE893}.Debug|Any CPU.ActiveCfg = Debug|Any CPU
		{587F1C5A-D0E2-4274-B3FA-91D0FC0EE893}.Debug|Any CPU.Build.0 = Debug|Any CPU
		{587F1C5A-D0E2-4274-B3FA-91D0FC0EE893}.Release|Any CPU.ActiveCfg = Release|Any CPU
		{587F1C5A-D0E2-4274-B3FA-91D0FC0EE893}.Release|Any CPU.Build.0 = Release|Any CPU
		{7905AC2B-524E-4AC2-A326-3AF67742F36B}.Debug|Any CPU.ActiveCfg = Debug|Any CPU
		{7905AC2B-524E-4AC2-A326-3AF67742F36B}.Debug|Any CPU.Build.0 = Debug|Any CPU
		{7905AC2B-524E-4AC2-A326-3AF67742F36B}.Release|Any CPU.ActiveCfg = Release|Any CPU
		{7905AC2B-524E-4AC2-A326-3AF67742F36B}.Release|Any CPU.Build.0 = Release|Any CPU
		{9DC2B8E0-046C-4547-ABD7-56449B170A0F}.Debug|Any CPU.ActiveCfg = Debug|Any CPU
		{9DC2B8E0-046C-4547-ABD7-56449B170A0F}.Debug|Any CPU.Build.0 = Debug|Any CPU
		{9DC2B8E0-046C-4547-ABD7-56449B170A0F}.Release|Any CPU.ActiveCfg = Release|Any CPU
		{9DC2B8E0-046C-4547-ABD7-56449B170A0F}.Release|Any CPU.Build.0 = Release|Any CPU
		{38B133C7-856B-4B65-9036-B06B528B497E}.Debug|Any CPU.ActiveCfg = Debug|Any CPU
		{38B133C7-856B-4B65-9036-B06B528B497E}.Debug|Any CPU.Build.0 = Debug|Any CPU
		{38B133C7-856B-4B65-9036-B06B528B497E}.Release|Any CPU.ActiveCfg = Release|Any CPU
		{38B133C7-856B-4B65-9036-B06B528B497E}.Release|Any CPU.Build.0 = Release|Any CPU
		{FD34D9C3-7661-40E7-AF35-49EF02246CB8}.Debug|Any CPU.ActiveCfg = Debug|Any CPU
		{FD34D9C3-7661-40E7-AF35-49EF02246CB8}.Debug|Any CPU.Build.0 = Debug|Any CPU
		{FD34D9C3-7661-40E7-AF35-49EF02246CB8}.Release|Any CPU.ActiveCfg = Release|Any CPU
		{FD34D9C3-7661-40E7-AF35-49EF02246CB8}.Release|Any CPU.Build.0 = Release|Any CPU
		{77DF8715-5AE9-4393-83F1-9D13E5AEE1BB}.Debug|Any CPU.ActiveCfg = Debug|Any CPU
		{77DF8715-5AE9-4393-83F1-9D13E5AEE1BB}.Debug|Any CPU.Build.0 = Debug|Any CPU
		{77DF8715-5AE9-4393-83F1-9D13E5AEE1BB}.Release|Any CPU.ActiveCfg = Release|Any CPU
		{77DF8715-5AE9-4393-83F1-9D13E5AEE1BB}.Release|Any CPU.Build.0 = Release|Any CPU
		{EB2EB364-BE4A-4247-9082-191D282F6CD9}.Debug|Any CPU.ActiveCfg = Debug|Any CPU
		{EB2EB364-BE4A-4247-9082-191D282F6CD9}.Debug|Any CPU.Build.0 = Debug|Any CPU
		{EB2EB364-BE4A-4247-9082-191D282F6CD9}.Release|Any CPU.ActiveCfg = Release|Any CPU
		{EB2EB364-BE4A-4247-9082-191D282F6CD9}.Release|Any CPU.Build.0 = Release|Any CPU
		{0E11B771-FF4A-429B-85F6-52AAD3014707}.Debug|Any CPU.ActiveCfg = Debug|Any CPU
		{0E11B771-FF4A-429B-85F6-52AAD3014707}.Debug|Any CPU.Build.0 = Debug|Any CPU
		{0E11B771-FF4A-429B-85F6-52AAD3014707}.Release|Any CPU.ActiveCfg = Release|Any CPU
		{0E11B771-FF4A-429B-85F6-52AAD3014707}.Release|Any CPU.Build.0 = Release|Any CPU
		{59C730DA-29C4-4298-B0F9-A7A25A34FC12}.Debug|Any CPU.ActiveCfg = Debug|Any CPU
		{59C730DA-29C4-4298-B0F9-A7A25A34FC12}.Debug|Any CPU.Build.0 = Debug|Any CPU
		{59C730DA-29C4-4298-B0F9-A7A25A34FC12}.Release|Any CPU.ActiveCfg = Release|Any CPU
		{59C730DA-29C4-4298-B0F9-A7A25A34FC12}.Release|Any CPU.Build.0 = Release|Any CPU
		{FC6EDD73-B99D-487D-A5C0-6CFDD755457B}.Debug|Any CPU.ActiveCfg = Debug|Any CPU
		{FC6EDD73-B99D-487D-A5C0-6CFDD755457B}.Debug|Any CPU.Build.0 = Debug|Any CPU
		{FC6EDD73-B99D-487D-A5C0-6CFDD755457B}.Release|Any CPU.ActiveCfg = Release|Any CPU
		{FC6EDD73-B99D-487D-A5C0-6CFDD755457B}.Release|Any CPU.Build.0 = Release|Any CPU
		{D526C85E-63E1-416A-84E9-BA649D3F1B8F}.Debug|Any CPU.ActiveCfg = Debug|Any CPU
		{D526C85E-63E1-416A-84E9-BA649D3F1B8F}.Debug|Any CPU.Build.0 = Debug|Any CPU
		{D526C85E-63E1-416A-84E9-BA649D3F1B8F}.Release|Any CPU.ActiveCfg = Release|Any CPU
		{D526C85E-63E1-416A-84E9-BA649D3F1B8F}.Release|Any CPU.Build.0 = Release|Any CPU
		{92C25EC2-88C9-4569-A93E-B7AA21281D8B}.Debug|Any CPU.ActiveCfg = Debug|Any CPU
		{92C25EC2-88C9-4569-A93E-B7AA21281D8B}.Debug|Any CPU.Build.0 = Debug|Any CPU
		{92C25EC2-88C9-4569-A93E-B7AA21281D8B}.Release|Any CPU.ActiveCfg = Release|Any CPU
		{92C25EC2-88C9-4569-A93E-B7AA21281D8B}.Release|Any CPU.Build.0 = Release|Any CPU
		{E78306FF-8828-47C1-B83F-C626AECB0426}.Debug|Any CPU.ActiveCfg = Debug|Any CPU
		{E78306FF-8828-47C1-B83F-C626AECB0426}.Debug|Any CPU.Build.0 = Debug|Any CPU
		{E78306FF-8828-47C1-B83F-C626AECB0426}.Release|Any CPU.ActiveCfg = Release|Any CPU
		{E78306FF-8828-47C1-B83F-C626AECB0426}.Release|Any CPU.Build.0 = Release|Any CPU
		{FBDBA72B-9186-4B9D-B13E-B718105DC494}.Debug|Any CPU.ActiveCfg = Debug|Any CPU
		{FBDBA72B-9186-4B9D-B13E-B718105DC494}.Debug|Any CPU.Build.0 = Debug|Any CPU
		{FBDBA72B-9186-4B9D-B13E-B718105DC494}.Release|Any CPU.ActiveCfg = Release|Any CPU
		{FBDBA72B-9186-4B9D-B13E-B718105DC494}.Release|Any CPU.Build.0 = Release|Any CPU
		{830706B1-5451-476D-AA07-5385E6E4A269}.Debug|Any CPU.ActiveCfg = Debug|Any CPU
		{830706B1-5451-476D-AA07-5385E6E4A269}.Debug|Any CPU.Build.0 = Debug|Any CPU
		{830706B1-5451-476D-AA07-5385E6E4A269}.Release|Any CPU.ActiveCfg = Release|Any CPU
		{830706B1-5451-476D-AA07-5385E6E4A269}.Release|Any CPU.Build.0 = Release|Any CPU
		{4D403FE9-8184-48BE-805F-10E757B20CF0}.Debug|Any CPU.ActiveCfg = Debug|Any CPU
		{4D403FE9-8184-48BE-805F-10E757B20CF0}.Debug|Any CPU.Build.0 = Debug|Any CPU
		{4D403FE9-8184-48BE-805F-10E757B20CF0}.Release|Any CPU.ActiveCfg = Release|Any CPU
		{4D403FE9-8184-48BE-805F-10E757B20CF0}.Release|Any CPU.Build.0 = Release|Any CPU
		{0E72A790-7CFF-4365-BAE6-5BEE1430AA02}.Debug|Any CPU.ActiveCfg = Debug|Any CPU
		{0E72A790-7CFF-4365-BAE6-5BEE1430AA02}.Debug|Any CPU.Build.0 = Debug|Any CPU
		{0E72A790-7CFF-4365-BAE6-5BEE1430AA02}.Release|Any CPU.ActiveCfg = Release|Any CPU
		{0E72A790-7CFF-4365-BAE6-5BEE1430AA02}.Release|Any CPU.Build.0 = Release|Any CPU
		{76C3A92E-FC40-44FA-9030-B826B1CA7380}.Debug|Any CPU.ActiveCfg = Debug|Any CPU
		{76C3A92E-FC40-44FA-9030-B826B1CA7380}.Debug|Any CPU.Build.0 = Debug|Any CPU
		{76C3A92E-FC40-44FA-9030-B826B1CA7380}.Release|Any CPU.ActiveCfg = Release|Any CPU
		{76C3A92E-FC40-44FA-9030-B826B1CA7380}.Release|Any CPU.Build.0 = Release|Any CPU
		{CB7B2FB2-5157-4440-B4EB-F16D80D47523}.Debug|Any CPU.ActiveCfg = Debug|Any CPU
		{CB7B2FB2-5157-4440-B4EB-F16D80D47523}.Debug|Any CPU.Build.0 = Debug|Any CPU
		{CB7B2FB2-5157-4440-B4EB-F16D80D47523}.Release|Any CPU.ActiveCfg = Release|Any CPU
		{CB7B2FB2-5157-4440-B4EB-F16D80D47523}.Release|Any CPU.Build.0 = Release|Any CPU
		{EA1D540A-A549-4777-AFDA-D1D8D5A2F567}.Debug|Any CPU.ActiveCfg = Debug|Any CPU
		{EA1D540A-A549-4777-AFDA-D1D8D5A2F567}.Debug|Any CPU.Build.0 = Debug|Any CPU
		{EA1D540A-A549-4777-AFDA-D1D8D5A2F567}.Release|Any CPU.ActiveCfg = Release|Any CPU
		{EA1D540A-A549-4777-AFDA-D1D8D5A2F567}.Release|Any CPU.Build.0 = Release|Any CPU
		{FE61A656-6E5A-4605-BA8D-C3E85503A113}.Debug|Any CPU.ActiveCfg = Debug|Any CPU
		{FE61A656-6E5A-4605-BA8D-C3E85503A113}.Debug|Any CPU.Build.0 = Debug|Any CPU
		{FE61A656-6E5A-4605-BA8D-C3E85503A113}.Release|Any CPU.ActiveCfg = Release|Any CPU
		{FE61A656-6E5A-4605-BA8D-C3E85503A113}.Release|Any CPU.Build.0 = Release|Any CPU
		{883016A2-C02E-44EF-BCFC-E38C73D6A0B7}.Debug|Any CPU.ActiveCfg = Debug|Any CPU
		{883016A2-C02E-44EF-BCFC-E38C73D6A0B7}.Debug|Any CPU.Build.0 = Debug|Any CPU
		{883016A2-C02E-44EF-BCFC-E38C73D6A0B7}.Release|Any CPU.ActiveCfg = Release|Any CPU
		{883016A2-C02E-44EF-BCFC-E38C73D6A0B7}.Release|Any CPU.Build.0 = Release|Any CPU
		{2993EB51-0C87-4D89-A121-BD24590DCBFF}.Debug|Any CPU.ActiveCfg = Debug|Any CPU
		{2993EB51-0C87-4D89-A121-BD24590DCBFF}.Debug|Any CPU.Build.0 = Debug|Any CPU
		{2993EB51-0C87-4D89-A121-BD24590DCBFF}.Release|Any CPU.ActiveCfg = Release|Any CPU
		{2993EB51-0C87-4D89-A121-BD24590DCBFF}.Release|Any CPU.Build.0 = Release|Any CPU
		{48367594-8DDC-4E65-A91E-64AD80F21598}.Debug|Any CPU.ActiveCfg = Debug|Any CPU
		{48367594-8DDC-4E65-A91E-64AD80F21598}.Debug|Any CPU.Build.0 = Debug|Any CPU
		{48367594-8DDC-4E65-A91E-64AD80F21598}.Release|Any CPU.ActiveCfg = Release|Any CPU
		{48367594-8DDC-4E65-A91E-64AD80F21598}.Release|Any CPU.Build.0 = Release|Any CPU
		{CC519C51-2FCA-40B3-952D-CB205E1494A1}.Debug|Any CPU.ActiveCfg = Debug|Any CPU
		{CC519C51-2FCA-40B3-952D-CB205E1494A1}.Debug|Any CPU.Build.0 = Debug|Any CPU
		{CC519C51-2FCA-40B3-952D-CB205E1494A1}.Release|Any CPU.ActiveCfg = Release|Any CPU
		{CC519C51-2FCA-40B3-952D-CB205E1494A1}.Release|Any CPU.Build.0 = Release|Any CPU
		{E085603A-4EB0-49BB-B428-BE89AE7D363C}.Debug|Any CPU.ActiveCfg = Debug|Any CPU
		{E085603A-4EB0-49BB-B428-BE89AE7D363C}.Debug|Any CPU.Build.0 = Debug|Any CPU
		{E085603A-4EB0-49BB-B428-BE89AE7D363C}.Release|Any CPU.ActiveCfg = Release|Any CPU
		{E085603A-4EB0-49BB-B428-BE89AE7D363C}.Release|Any CPU.Build.0 = Release|Any CPU
		{1E73331B-F42E-4252-BB77-7708672FA8AF}.Debug|Any CPU.ActiveCfg = Debug|Any CPU
		{1E73331B-F42E-4252-BB77-7708672FA8AF}.Debug|Any CPU.Build.0 = Debug|Any CPU
		{1E73331B-F42E-4252-BB77-7708672FA8AF}.Release|Any CPU.ActiveCfg = Release|Any CPU
		{1E73331B-F42E-4252-BB77-7708672FA8AF}.Release|Any CPU.Build.0 = Release|Any CPU
		{B4CD76ED-FFDD-4A76-A517-5D6F383D2897}.Debug|Any CPU.ActiveCfg = Debug|Any CPU
		{B4CD76ED-FFDD-4A76-A517-5D6F383D2897}.Debug|Any CPU.Build.0 = Debug|Any CPU
		{B4CD76ED-FFDD-4A76-A517-5D6F383D2897}.Release|Any CPU.ActiveCfg = Release|Any CPU
		{B4CD76ED-FFDD-4A76-A517-5D6F383D2897}.Release|Any CPU.Build.0 = Release|Any CPU
		{9CD5362F-A6BF-4CE8-8928-627ADDB8C04C}.Debug|Any CPU.ActiveCfg = Debug|Any CPU
		{9CD5362F-A6BF-4CE8-8928-627ADDB8C04C}.Debug|Any CPU.Build.0 = Debug|Any CPU
		{9CD5362F-A6BF-4CE8-8928-627ADDB8C04C}.Release|Any CPU.ActiveCfg = Release|Any CPU
		{9CD5362F-A6BF-4CE8-8928-627ADDB8C04C}.Release|Any CPU.Build.0 = Release|Any CPU
		{3897D795-627F-4CE1-9EF8-395EB1BD731F}.Debug|Any CPU.ActiveCfg = Debug|Any CPU
		{3897D795-627F-4CE1-9EF8-395EB1BD731F}.Debug|Any CPU.Build.0 = Debug|Any CPU
		{3897D795-627F-4CE1-9EF8-395EB1BD731F}.Release|Any CPU.ActiveCfg = Release|Any CPU
		{3897D795-627F-4CE1-9EF8-395EB1BD731F}.Release|Any CPU.Build.0 = Release|Any CPU
		{621CB489-EDD2-455F-865F-F02CF89ECA22}.Debug|Any CPU.ActiveCfg = Debug|Any CPU
		{621CB489-EDD2-455F-865F-F02CF89ECA22}.Debug|Any CPU.Build.0 = Debug|Any CPU
		{621CB489-EDD2-455F-865F-F02CF89ECA22}.Release|Any CPU.ActiveCfg = Release|Any CPU
		{621CB489-EDD2-455F-865F-F02CF89ECA22}.Release|Any CPU.Build.0 = Release|Any CPU
		{2F932CEE-68F0-410D-A846-49E76A14928F}.Debug|Any CPU.ActiveCfg = Debug|Any CPU
		{2F932CEE-68F0-410D-A846-49E76A14928F}.Debug|Any CPU.Build.0 = Debug|Any CPU
		{2F932CEE-68F0-410D-A846-49E76A14928F}.Release|Any CPU.ActiveCfg = Release|Any CPU
		{2F932CEE-68F0-410D-A846-49E76A14928F}.Release|Any CPU.Build.0 = Release|Any CPU
		{C238C612-6F58-40CF-9D4C-9F03084C52C3}.Debug|Any CPU.ActiveCfg = Debug|Any CPU
		{C238C612-6F58-40CF-9D4C-9F03084C52C3}.Debug|Any CPU.Build.0 = Debug|Any CPU
		{C238C612-6F58-40CF-9D4C-9F03084C52C3}.Release|Any CPU.ActiveCfg = Release|Any CPU
		{C238C612-6F58-40CF-9D4C-9F03084C52C3}.Release|Any CPU.Build.0 = Release|Any CPU
		{6FE32A3D-5ECD-4C54-B64D-57BA8EA9C82E}.Debug|Any CPU.ActiveCfg = Debug|Any CPU
		{6FE32A3D-5ECD-4C54-B64D-57BA8EA9C82E}.Debug|Any CPU.Build.0 = Debug|Any CPU
		{6FE32A3D-5ECD-4C54-B64D-57BA8EA9C82E}.Release|Any CPU.ActiveCfg = Release|Any CPU
		{6FE32A3D-5ECD-4C54-B64D-57BA8EA9C82E}.Release|Any CPU.Build.0 = Release|Any CPU
		{385FA4B9-6EC9-483B-9E75-CF7309816287}.Debug|Any CPU.ActiveCfg = Debug|Any CPU
		{385FA4B9-6EC9-483B-9E75-CF7309816287}.Debug|Any CPU.Build.0 = Debug|Any CPU
		{385FA4B9-6EC9-483B-9E75-CF7309816287}.Release|Any CPU.ActiveCfg = Release|Any CPU
		{385FA4B9-6EC9-483B-9E75-CF7309816287}.Release|Any CPU.Build.0 = Release|Any CPU
		{48649F84-7236-4001-887F-7E844108CA50}.Debug|Any CPU.ActiveCfg = Debug|Any CPU
		{48649F84-7236-4001-887F-7E844108CA50}.Debug|Any CPU.Build.0 = Debug|Any CPU
		{48649F84-7236-4001-887F-7E844108CA50}.Release|Any CPU.ActiveCfg = Release|Any CPU
		{48649F84-7236-4001-887F-7E844108CA50}.Release|Any CPU.Build.0 = Release|Any CPU
		{D475C478-6BDF-4B41-B176-42F8F1F1CD8A}.Debug|Any CPU.ActiveCfg = Debug|Any CPU
		{D475C478-6BDF-4B41-B176-42F8F1F1CD8A}.Debug|Any CPU.Build.0 = Debug|Any CPU
		{D475C478-6BDF-4B41-B176-42F8F1F1CD8A}.Release|Any CPU.ActiveCfg = Release|Any CPU
		{D475C478-6BDF-4B41-B176-42F8F1F1CD8A}.Release|Any CPU.Build.0 = Release|Any CPU
		{4CE10AF5-A6DF-4484-94B5-D71652899769}.Debug|Any CPU.ActiveCfg = Debug|Any CPU
		{4CE10AF5-A6DF-4484-94B5-D71652899769}.Debug|Any CPU.Build.0 = Debug|Any CPU
		{4CE10AF5-A6DF-4484-94B5-D71652899769}.Release|Any CPU.ActiveCfg = Release|Any CPU
		{4CE10AF5-A6DF-4484-94B5-D71652899769}.Release|Any CPU.Build.0 = Release|Any CPU
		{DDB9E56E-6999-4161-92CF-B5B3C51E69ED}.Debug|Any CPU.ActiveCfg = Debug|Any CPU
		{DDB9E56E-6999-4161-92CF-B5B3C51E69ED}.Debug|Any CPU.Build.0 = Debug|Any CPU
		{DDB9E56E-6999-4161-92CF-B5B3C51E69ED}.Release|Any CPU.ActiveCfg = Release|Any CPU
		{DDB9E56E-6999-4161-92CF-B5B3C51E69ED}.Release|Any CPU.Build.0 = Release|Any CPU
		{12C2B6F5-A898-4832-AA23-604AD3BF8C14}.Debug|Any CPU.ActiveCfg = Debug|Any CPU
		{12C2B6F5-A898-4832-AA23-604AD3BF8C14}.Debug|Any CPU.Build.0 = Debug|Any CPU
		{12C2B6F5-A898-4832-AA23-604AD3BF8C14}.Release|Any CPU.ActiveCfg = Release|Any CPU
		{12C2B6F5-A898-4832-AA23-604AD3BF8C14}.Release|Any CPU.Build.0 = Release|Any CPU
		{AD76B9E5-CC00-4BB1-BD56-576C98FAD44E}.Debug|Any CPU.ActiveCfg = Debug|Any CPU
		{AD76B9E5-CC00-4BB1-BD56-576C98FAD44E}.Debug|Any CPU.Build.0 = Debug|Any CPU
		{AD76B9E5-CC00-4BB1-BD56-576C98FAD44E}.Release|Any CPU.ActiveCfg = Release|Any CPU
		{AD76B9E5-CC00-4BB1-BD56-576C98FAD44E}.Release|Any CPU.Build.0 = Release|Any CPU
		{8F5EA84C-1250-438F-93EA-C9AB495D6496}.Debug|Any CPU.ActiveCfg = Debug|Any CPU
		{8F5EA84C-1250-438F-93EA-C9AB495D6496}.Debug|Any CPU.Build.0 = Debug|Any CPU
		{8F5EA84C-1250-438F-93EA-C9AB495D6496}.Release|Any CPU.ActiveCfg = Release|Any CPU
		{8F5EA84C-1250-438F-93EA-C9AB495D6496}.Release|Any CPU.Build.0 = Release|Any CPU
		{95B9EAB1-D106-475F-8433-D6A1B8F5233F}.Debug|Any CPU.ActiveCfg = Debug|Any CPU
		{95B9EAB1-D106-475F-8433-D6A1B8F5233F}.Debug|Any CPU.Build.0 = Debug|Any CPU
		{95B9EAB1-D106-475F-8433-D6A1B8F5233F}.Release|Any CPU.ActiveCfg = Release|Any CPU
		{95B9EAB1-D106-475F-8433-D6A1B8F5233F}.Release|Any CPU.Build.0 = Release|Any CPU
		{2CD7F233-9489-4A35-8FE4-911BFA144BFC}.Debug|Any CPU.ActiveCfg = Debug|Any CPU
		{2CD7F233-9489-4A35-8FE4-911BFA144BFC}.Debug|Any CPU.Build.0 = Debug|Any CPU
		{2CD7F233-9489-4A35-8FE4-911BFA144BFC}.Release|Any CPU.ActiveCfg = Release|Any CPU
		{2CD7F233-9489-4A35-8FE4-911BFA144BFC}.Release|Any CPU.Build.0 = Release|Any CPU
	EndGlobalSection
	GlobalSection(SolutionProperties) = preSolution
		HideSolutionNode = FALSE
	EndGlobalSection
	GlobalSection(ExtensibilityGlobals) = postSolution
		SolutionGuid = {C03C17F2-6C81-4E1A-8B9F-E6E310BFC2DB}
	EndGlobalSection
EndGlobal
