
Microsoft Visual Studio Solution File, Format Version 12.00
# Visual Studio 15
VisualStudioVersion = 15.0.27428.2015
MinimumVisualStudioVersion = 10.0.40219.1
Project("{FAE04EC0-301F-11D3-BF4B-00C04F79EFBC}") = "1.ExceptionHandling", "1.ExceptionHandling\1.ExceptionHandling.csproj", "{3782B268-E4C0-45F9-B695-CC6747562EC9}"
EndProject
Project("{FAE04EC0-301F-11D3-BF4B-00C04F79EFBC}") = "2.HandlingExceptions", "2.HandlingExceptions\2.HandlingExceptions.csproj", "{3876CA1C-FAAC-4336-AD48-4BD20D74BFA4}"
EndProject
Project("{FAE04EC0-301F-11D3-BF4B-00C04F79EFBC}") = "3.ExceptionProperties", "3.ExceptionProperties\3.ExceptionProperties.csproj", "{2B3D6CC3-E07B-4D41-8044-6DB96CAA86BC}"
EndProject
Project("{FAE04EC0-301F-11D3-BF4B-00C04F79EFBC}") = "4.ThrowingExceptions", "4.ThrowingExceptions\4.ThrowingExceptions.csproj", "{74DD1093-F264-4505-BFD0-6C3CF58D59A0}"
EndProject
Project("{FAE04EC0-301F-11D3-BF4B-00C04F79EFBC}") = "5.TryFinally", "5.TryFinally\5.TryFinally.csproj", "{3CEDD1FA-F905-4D7D-803F-AB5D60B7A7E0}"
EndProject
Project("{FAE04EC0-301F-11D3-BF4B-00C04F79EFBC}") = "SquareRoot", "SquareRoot\SquareRoot.csproj", "{5852C2AE-A363-4954-9CB6-CD3F4D2D34D5}"
EndProject
Project("{FAE04EC0-301F-11D3-BF4B-00C04F79EFBC}") = "EnterNumbers", "EnterNumbers\EnterNumbers.csproj", "{2584F35D-EB7B-4610-8BBC-CFB1B3097E5D}"
EndProject
Project("{FAE04EC0-301F-11D3-BF4B-00C04F79EFBC}") = "ReadFileContents", "ReadFileContents\ReadFileContents.csproj", "{9CBECB77-A823-4DCE-9EC0-B0447A33DFEC}"
EndProject
Project("{FAE04EC0-301F-11D3-BF4B-00C04F79EFBC}") = "DownloadFile", "DownloadFile\DownloadFile.csproj", "{630151DE-E561-4595-A896-0830D0592F5D}"
EndProject
Global
	GlobalSection(SolutionConfigurationPlatforms) = preSolution
		Debug|Any CPU = Debug|Any CPU
		Release|Any CPU = Release|Any CPU
	EndGlobalSection
	GlobalSection(ProjectConfigurationPlatforms) = postSolution
		{3782B268-E4C0-45F9-B695-CC6747562EC9}.Debug|Any CPU.ActiveCfg = Debug|Any CPU
		{3782B268-E4C0-45F9-B695-CC6747562EC9}.Debug|Any CPU.Build.0 = Debug|Any CPU
		{3782B268-E4C0-45F9-B695-CC6747562EC9}.Release|Any CPU.ActiveCfg = Release|Any CPU
		{3782B268-E4C0-45F9-B695-CC6747562EC9}.Release|Any CPU.Build.0 = Release|Any CPU
		{3876CA1C-FAAC-4336-AD48-4BD20D74BFA4}.Debug|Any CPU.ActiveCfg = Debug|Any CPU
		{3876CA1C-FAAC-4336-AD48-4BD20D74BFA4}.Debug|Any CPU.Build.0 = Debug|Any CPU
		{3876CA1C-FAAC-4336-AD48-4BD20D74BFA4}.Release|Any CPU.ActiveCfg = Release|Any CPU
		{3876CA1C-FAAC-4336-AD48-4BD20D74BFA4}.Release|Any CPU.Build.0 = Release|Any CPU
		{2B3D6CC3-E07B-4D41-8044-6DB96CAA86BC}.Debug|Any CPU.ActiveCfg = Debug|Any CPU
		{2B3D6CC3-E07B-4D41-8044-6DB96CAA86BC}.Debug|Any CPU.Build.0 = Debug|Any CPU
		{2B3D6CC3-E07B-4D41-8044-6DB96CAA86BC}.Release|Any CPU.ActiveCfg = Release|Any CPU
		{2B3D6CC3-E07B-4D41-8044-6DB96CAA86BC}.Release|Any CPU.Build.0 = Release|Any CPU
		{74DD1093-F264-4505-BFD0-6C3CF58D59A0}.Debug|Any CPU.ActiveCfg = Debug|Any CPU
		{74DD1093-F264-4505-BFD0-6C3CF58D59A0}.Debug|Any CPU.Build.0 = Debug|Any CPU
		{74DD1093-F264-4505-BFD0-6C3CF58D59A0}.Release|Any CPU.ActiveCfg = Release|Any CPU
		{74DD1093-F264-4505-BFD0-6C3CF58D59A0}.Release|Any CPU.Build.0 = Release|Any CPU
		{3CEDD1FA-F905-4D7D-803F-AB5D60B7A7E0}.Debug|Any CPU.ActiveCfg = Debug|Any CPU
		{3CEDD1FA-F905-4D7D-803F-AB5D60B7A7E0}.Debug|Any CPU.Build.0 = Debug|Any CPU
		{3CEDD1FA-F905-4D7D-803F-AB5D60B7A7E0}.Release|Any CPU.ActiveCfg = Release|Any CPU
		{3CEDD1FA-F905-4D7D-803F-AB5D60B7A7E0}.Release|Any CPU.Build.0 = Release|Any CPU
		{5852C2AE-A363-4954-9CB6-CD3F4D2D34D5}.Debug|Any CPU.ActiveCfg = Debug|Any CPU
		{5852C2AE-A363-4954-9CB6-CD3F4D2D34D5}.Debug|Any CPU.Build.0 = Debug|Any CPU
		{5852C2AE-A363-4954-9CB6-CD3F4D2D34D5}.Release|Any CPU.ActiveCfg = Release|Any CPU
		{5852C2AE-A363-4954-9CB6-CD3F4D2D34D5}.Release|Any CPU.Build.0 = Release|Any CPU
		{2584F35D-EB7B-4610-8BBC-CFB1B3097E5D}.Debug|Any CPU.ActiveCfg = Debug|Any CPU
		{2584F35D-EB7B-4610-8BBC-CFB1B3097E5D}.Debug|Any CPU.Build.0 = Debug|Any CPU
		{2584F35D-EB7B-4610-8BBC-CFB1B3097E5D}.Release|Any CPU.ActiveCfg = Release|Any CPU
		{2584F35D-EB7B-4610-8BBC-CFB1B3097E5D}.Release|Any CPU.Build.0 = Release|Any CPU
		{9CBECB77-A823-4DCE-9EC0-B0447A33DFEC}.Debug|Any CPU.ActiveCfg = Debug|Any CPU
		{9CBECB77-A823-4DCE-9EC0-B0447A33DFEC}.Debug|Any CPU.Build.0 = Debug|Any CPU
		{9CBECB77-A823-4DCE-9EC0-B0447A33DFEC}.Release|Any CPU.ActiveCfg = Release|Any CPU
		{9CBECB77-A823-4DCE-9EC0-B0447A33DFEC}.Release|Any CPU.Build.0 = Release|Any CPU
		{630151DE-E561-4595-A896-0830D0592F5D}.Debug|Any CPU.ActiveCfg = Debug|Any CPU
		{630151DE-E561-4595-A896-0830D0592F5D}.Debug|Any CPU.Build.0 = Debug|Any CPU
		{630151DE-E561-4595-A896-0830D0592F5D}.Release|Any CPU.ActiveCfg = Release|Any CPU
		{630151DE-E561-4595-A896-0830D0592F5D}.Release|Any CPU.Build.0 = Release|Any CPU
	EndGlobalSection
	GlobalSection(SolutionProperties) = preSolution
		HideSolutionNode = FALSE
	EndGlobalSection
	GlobalSection(ExtensibilityGlobals) = postSolution
		SolutionGuid = {1FDB4545-77AA-4510-9830-024D8AC5F9E2}
	EndGlobalSection
EndGlobal
